// !$*UTF8*$!
{
	archiveVersion = 1;
	classes = {
	};
	objectVersion = 46;
	objects = {

/* Begin PBXBuildFile section */
		962672F4176F57A800202F97 /* UIKit.framework in Frameworks */ = {isa = PBXBuildFile; fileRef = 962672F3176F57A800202F97 /* UIKit.framework */; };
		962672F6176F57A800202F97 /* Foundation.framework in Frameworks */ = {isa = PBXBuildFile; fileRef = 962672F5176F57A800202F97 /* Foundation.framework */; };
		962672F8176F57A800202F97 /* CoreGraphics.framework in Frameworks */ = {isa = PBXBuildFile; fileRef = 962672F7176F57A800202F97 /* CoreGraphics.framework */; };
		962672FA176F57A800202F97 /* AdSupport.framework in Frameworks */ = {isa = PBXBuildFile; fileRef = 962672F9176F57A800202F97 /* AdSupport.framework */; };
		962672FC176F57A800202F97 /* AddressBook.framework in Frameworks */ = {isa = PBXBuildFile; fileRef = 962672FB176F57A800202F97 /* AddressBook.framework */; };
		962672FE176F57A800202F97 /* CoreData.framework in Frameworks */ = {isa = PBXBuildFile; fileRef = 962672FD176F57A800202F97 /* CoreData.framework */; };
		96267300176F57A800202F97 /* QuartzCore.framework in Frameworks */ = {isa = PBXBuildFile; fileRef = 962672FF176F57A800202F97 /* QuartzCore.framework */; };
		96267302176F57A800202F97 /* CoreLocation.framework in Frameworks */ = {isa = PBXBuildFile; fileRef = 96267301176F57A800202F97 /* CoreLocation.framework */; };
		96267304176F57A800202F97 /* MapKit.framework in Frameworks */ = {isa = PBXBuildFile; fileRef = 96267303176F57A800202F97 /* MapKit.framework */; };
		96267306176F57A800202F97 /* MediaPlayer.framework in Frameworks */ = {isa = PBXBuildFile; fileRef = 96267305176F57A800202F97 /* MediaPlayer.framework */; };
		96267308176F57A800202F97 /* CoreFoundation.framework in Frameworks */ = {isa = PBXBuildFile; fileRef = 96267307176F57A800202F97 /* CoreFoundation.framework */; };
		9626730A176F57A800202F97 /* CFNetwork.framework in Frameworks */ = {isa = PBXBuildFile; fileRef = 96267309176F57A800202F97 /* CFNetwork.framework */; };
		9626730C176F57A800202F97 /* SystemConfiguration.framework in Frameworks */ = {isa = PBXBuildFile; fileRef = 9626730B176F57A800202F97 /* SystemConfiguration.framework */; };
		9626730E176F57A800202F97 /* MobileCoreServices.framework in Frameworks */ = {isa = PBXBuildFile; fileRef = 9626730D176F57A800202F97 /* MobileCoreServices.framework */; };
		96267318176F57A800202F97 /* InfoPlist.strings in Resources */ = {isa = PBXBuildFile; fileRef = 96267316176F57A800202F97 /* InfoPlist.strings */; };
		9626731A176F57A800202F97 /* main.m in Sources */ = {isa = PBXBuildFile; fileRef = 96267319176F57A800202F97 /* main.m */; };
		9626731E176F57A800202F97 /* AppDelegate.m in Sources */ = {isa = PBXBuildFile; fileRef = 9626731D176F57A800202F97 /* AppDelegate.m */; };
		96267320176F57A800202F97 /* Default.png in Resources */ = {isa = PBXBuildFile; fileRef = 9626731F176F57A800202F97 /* Default.png */; };
		96267322176F57A800202F97 /* Default@2x.png in Resources */ = {isa = PBXBuildFile; fileRef = 96267321176F57A800202F97 /* Default@2x.png */; };
		96267324176F57A800202F97 /* Default-568h@2x.png in Resources */ = {isa = PBXBuildFile; fileRef = 96267323176F57A800202F97 /* Default-568h@2x.png */; };
		96267326176F57A800202F97 /* AppCoreKit.conf in Resources */ = {isa = PBXBuildFile; fileRef = 96267325176F57A800202F97 /* AppCoreKit.conf */; };
		96267334176F57A800202F97 /* Stylesheet.style in Resources */ = {isa = PBXBuildFile; fileRef = 96267333176F57A800202F97 /* Stylesheet.style */; };
		9626733D176F57A900202F97 /* Localization.strings in Resources */ = {isa = PBXBuildFile; fileRef = 9626733C176F57A900202F97 /* Localization.strings */; };
		96267346176F57FF00202F97 /* CKStylesheetSampleViewController.m in Sources */ = {isa = PBXBuildFile; fileRef = 96267345176F57FF00202F97 /* CKStylesheetSampleViewController.m */; };
		96267349176F586700202F97 /* CKStylesheetSampleListViewController.m in Sources */ = {isa = PBXBuildFile; fileRef = 96267348176F586700202F97 /* CKStylesheetSampleListViewController.m */; };
		9626734C176F589800202F97 /* CKStylesheetSampleTextViewController.m in Sources */ = {isa = PBXBuildFile; fileRef = 9626734B176F589700202F97 /* CKStylesheetSampleTextViewController.m */; };
		96267351176F5E2800202F97 /* CKStylesheetSampleGroupedFormViewController.m in Sources */ = {isa = PBXBuildFile; fileRef = 96267350176F5E2800202F97 /* CKStylesheetSampleGroupedFormViewController.m */; };
		96267353176F5EAA00202F97 /* CKStylesheetSampleViewController.style in Resources */ = {isa = PBXBuildFile; fileRef = 96267352176F5EAA00202F97 /* CKStylesheetSampleViewController.style */; };
		96267355176F5EC200202F97 /* CKStylesheetSampleTextViewController.style in Resources */ = {isa = PBXBuildFile; fileRef = 96267354176F5EC200202F97 /* CKStylesheetSampleTextViewController.style */; };
		96267357176F5ED700202F97 /* CKStylesheetSampleListViewController.style in Resources */ = {isa = PBXBuildFile; fileRef = 96267356176F5ED700202F97 /* CKStylesheetSampleListViewController.style */; };
		96267359176F5EED00202F97 /* CKStylesheetSampleGroupedFormViewController.style in Resources */ = {isa = PBXBuildFile; fileRef = 96267358176F5EED00202F97 /* CKStylesheetSampleGroupedFormViewController.style */; };
		9626735C176F5F9400202F97 /* AppCoreKit.framework in Frameworks */ = {isa = PBXBuildFile; fileRef = 9626735A176F5F9400202F97 /* AppCoreKit.framework */; };
		9626735D176F5F9400202F97 /* VendorsKit.framework in Frameworks */ = {isa = PBXBuildFile; fileRef = 9626735B176F5F9400202F97 /* VendorsKit.framework */; };
		9626735F176F6CB700202F97 /* more-info-button.png in Resources */ = {isa = PBXBuildFile; fileRef = 9626735E176F6CB700202F97 /* more-info-button.png */; };
		9626736D176F82B300202F97 /* disclosure-indicator-highlight.png in Resources */ = {isa = PBXBuildFile; fileRef = 96267369176F82B300202F97 /* disclosure-indicator-highlight.png */; };
		9626736E176F82B300202F97 /* disclosure-indicator-highlight@2x.png in Resources */ = {isa = PBXBuildFile; fileRef = 9626736A176F82B300202F97 /* disclosure-indicator-highlight@2x.png */; };
		9626736F176F82B300202F97 /* disclosure-indicator.png in Resources */ = {isa = PBXBuildFile; fileRef = 9626736B176F82B300202F97 /* disclosure-indicator.png */; };
		96267370176F82B300202F97 /* disclosure-indicator@2x.png in Resources */ = {isa = PBXBuildFile; fileRef = 9626736C176F82B300202F97 /* disclosure-indicator@2x.png */; };
		96267377176F83D200202F97 /* accessory-disclosure-white.png in Resources */ = {isa = PBXBuildFile; fileRef = 96267375176F83D100202F97 /* accessory-disclosure-white.png */; };
		96267378176F83D200202F97 /* accessory-disclosure-white@2x.png in Resources */ = {isa = PBXBuildFile; fileRef = 96267376176F83D100202F97 /* accessory-disclosure-white@2x.png */; };
		9626737D176F850500202F97 /* accessory-checkmark-highlight.png in Resources */ = {isa = PBXBuildFile; fileRef = 96267379176F850500202F97 /* accessory-checkmark-highlight.png */; };
		9626737E176F850500202F97 /* accessory-checkmark-highlight@2x.png in Resources */ = {isa = PBXBuildFile; fileRef = 9626737A176F850500202F97 /* accessory-checkmark-highlight@2x.png */; };
		9626737F176F850500202F97 /* accessory-checkmark.png in Resources */ = {isa = PBXBuildFile; fileRef = 9626737B176F850500202F97 /* accessory-checkmark.png */; };
		96267380176F850500202F97 /* accessory-checkmark@2x.png in Resources */ = {isa = PBXBuildFile; fileRef = 9626737C176F850500202F97 /* accessory-checkmark@2x.png */; };
		96267382176F915B00202F97 /* TODO.rtf in Resources */ = {isa = PBXBuildFile; fileRef = 96267381176F915B00202F97 /* TODO.rtf */; };
		96267386176F971E00202F97 /* CKStylesheetSamplePlainFormViewController.m in Sources */ = {isa = PBXBuildFile; fileRef = 96267384176F971E00202F97 /* CKStylesheetSamplePlainFormViewController.m */; };
		96267387176F971E00202F97 /* CKStylesheetSamplePlainFormViewController.style in Resources */ = {isa = PBXBuildFile; fileRef = 96267385176F971E00202F97 /* CKStylesheetSamplePlainFormViewController.style */; };
		9626738A176F986500202F97 /* section-header.png in Resources */ = {isa = PBXBuildFile; fileRef = 96267388176F986500202F97 /* section-header.png */; };
		9626738B176F986500202F97 /* section-header@2x.png in Resources */ = {isa = PBXBuildFile; fileRef = 96267389176F986500202F97 /* section-header@2x.png */; };
/* End PBXBuildFile section */

/* Begin PBXFileReference section */
		962672F0176F57A800202F97 /* StylesheetSample.app */ = {isa = PBXFileReference; explicitFileType = wrapper.application; includeInIndex = 0; path = StylesheetSample.app; sourceTree = BUILT_PRODUCTS_DIR; };
		962672F3176F57A800202F97 /* UIKit.framework */ = {isa = PBXFileReference; lastKnownFileType = wrapper.framework; name = UIKit.framework; path = System/Library/Frameworks/UIKit.framework; sourceTree = SDKROOT; };
		962672F5176F57A800202F97 /* Foundation.framework */ = {isa = PBXFileReference; lastKnownFileType = wrapper.framework; name = Foundation.framework; path = System/Library/Frameworks/Foundation.framework; sourceTree = SDKROOT; };
		962672F7176F57A800202F97 /* CoreGraphics.framework */ = {isa = PBXFileReference; lastKnownFileType = wrapper.framework; name = CoreGraphics.framework; path = System/Library/Frameworks/CoreGraphics.framework; sourceTree = SDKROOT; };
		962672F9176F57A800202F97 /* AdSupport.framework */ = {isa = PBXFileReference; lastKnownFileType = wrapper.framework; name = AdSupport.framework; path = System/Library/Frameworks/AdSupport.framework; sourceTree = SDKROOT; };
		962672FB176F57A800202F97 /* AddressBook.framework */ = {isa = PBXFileReference; lastKnownFileType = wrapper.framework; name = AddressBook.framework; path = System/Library/Frameworks/AddressBook.framework; sourceTree = SDKROOT; };
		962672FD176F57A800202F97 /* CoreData.framework */ = {isa = PBXFileReference; lastKnownFileType = wrapper.framework; name = CoreData.framework; path = System/Library/Frameworks/CoreData.framework; sourceTree = SDKROOT; };
		962672FF176F57A800202F97 /* QuartzCore.framework */ = {isa = PBXFileReference; lastKnownFileType = wrapper.framework; name = QuartzCore.framework; path = System/Library/Frameworks/QuartzCore.framework; sourceTree = SDKROOT; };
		96267301176F57A800202F97 /* CoreLocation.framework */ = {isa = PBXFileReference; lastKnownFileType = wrapper.framework; name = CoreLocation.framework; path = System/Library/Frameworks/CoreLocation.framework; sourceTree = SDKROOT; };
		96267303176F57A800202F97 /* MapKit.framework */ = {isa = PBXFileReference; lastKnownFileType = wrapper.framework; name = MapKit.framework; path = System/Library/Frameworks/MapKit.framework; sourceTree = SDKROOT; };
		96267305176F57A800202F97 /* MediaPlayer.framework */ = {isa = PBXFileReference; lastKnownFileType = wrapper.framework; name = MediaPlayer.framework; path = System/Library/Frameworks/MediaPlayer.framework; sourceTree = SDKROOT; };
		96267307176F57A800202F97 /* CoreFoundation.framework */ = {isa = PBXFileReference; lastKnownFileType = wrapper.framework; name = CoreFoundation.framework; path = System/Library/Frameworks/CoreFoundation.framework; sourceTree = SDKROOT; };
		96267309176F57A800202F97 /* CFNetwork.framework */ = {isa = PBXFileReference; lastKnownFileType = wrapper.framework; name = CFNetwork.framework; path = System/Library/Frameworks/CFNetwork.framework; sourceTree = SDKROOT; };
		9626730B176F57A800202F97 /* SystemConfiguration.framework */ = {isa = PBXFileReference; lastKnownFileType = wrapper.framework; name = SystemConfiguration.framework; path = System/Library/Frameworks/SystemConfiguration.framework; sourceTree = SDKROOT; };
		9626730D176F57A800202F97 /* MobileCoreServices.framework */ = {isa = PBXFileReference; lastKnownFileType = wrapper.framework; name = MobileCoreServices.framework; path = System/Library/Frameworks/MobileCoreServices.framework; sourceTree = SDKROOT; };
		96267315176F57A800202F97 /* StylesheetSample-Info.plist */ = {isa = PBXFileReference; lastKnownFileType = text.plist.xml; path = "StylesheetSample-Info.plist"; sourceTree = "<group>"; };
		96267317176F57A800202F97 /* en */ = {isa = PBXFileReference; lastKnownFileType = text.plist.strings; name = en; path = en.lproj/InfoPlist.strings; sourceTree = "<group>"; };
		96267319176F57A800202F97 /* main.m */ = {isa = PBXFileReference; lastKnownFileType = sourcecode.c.objc; path = main.m; sourceTree = "<group>"; };
		9626731B176F57A800202F97 /* StylesheetSample-Prefix.pch */ = {isa = PBXFileReference; lastKnownFileType = sourcecode.c.h; path = "StylesheetSample-Prefix.pch"; sourceTree = "<group>"; };
		9626731C176F57A800202F97 /* AppDelegate.h */ = {isa = PBXFileReference; lastKnownFileType = sourcecode.c.h; path = AppDelegate.h; sourceTree = "<group>"; };
		9626731D176F57A800202F97 /* AppDelegate.m */ = {isa = PBXFileReference; lastKnownFileType = sourcecode.c.objc; path = AppDelegate.m; sourceTree = "<group>"; };
		9626731F176F57A800202F97 /* Default.png */ = {isa = PBXFileReference; lastKnownFileType = image.png; path = Default.png; sourceTree = "<group>"; };
		96267321176F57A800202F97 /* Default@2x.png */ = {isa = PBXFileReference; lastKnownFileType = image.png; path = "Default@2x.png"; sourceTree = "<group>"; };
		96267323176F57A800202F97 /* Default-568h@2x.png */ = {isa = PBXFileReference; lastKnownFileType = image.png; path = "Default-568h@2x.png"; sourceTree = "<group>"; };
		96267325176F57A800202F97 /* AppCoreKit.conf */ = {isa = PBXFileReference; lastKnownFileType = text; name = AppCoreKit.conf; path = Resources/AppCoreKit.conf; sourceTree = "<group>"; };
		96267333176F57A800202F97 /* Stylesheet.style */ = {isa = PBXFileReference; lastKnownFileType = text; name = Stylesheet.style; path = Resources/Stylesheet.style; sourceTree = "<group>"; xcLanguageSpecificationIdentifier = xcode.lang.javascript; };
		9626733C176F57A900202F97 /* Localization.strings */ = {isa = PBXFileReference; lastKnownFileType = text.plist.strings; name = Localization.strings; path = Resources/Localization.strings; sourceTree = "<group>"; };
		9626733E176F57A900202F97 /* Entitlements.plist */ = {isa = PBXFileReference; lastKnownFileType = text.plist.xml; path = Entitlements.plist; sourceTree = "<group>"; };
		96267344176F57FF00202F97 /* CKStylesheetSampleViewController.h */ = {isa = PBXFileReference; fileEncoding = 4; lastKnownFileType = sourcecode.c.h; name = CKStylesheetSampleViewController.h; path = Classes/CKStylesheetSampleViewController.h; sourceTree = "<group>"; };
		96267345176F57FF00202F97 /* CKStylesheetSampleViewController.m */ = {isa = PBXFileReference; fileEncoding = 4; lastKnownFileType = sourcecode.c.objc; name = CKStylesheetSampleViewController.m; path = Classes/CKStylesheetSampleViewController.m; sourceTree = "<group>"; };
		96267347176F586700202F97 /* CKStylesheetSampleListViewController.h */ = {isa = PBXFileReference; fileEncoding = 4; lastKnownFileType = sourcecode.c.h; name = CKStylesheetSampleListViewController.h; path = Classes/CKStylesheetSampleListViewController.h; sourceTree = "<group>"; };
		96267348176F586700202F97 /* CKStylesheetSampleListViewController.m */ = {isa = PBXFileReference; fileEncoding = 4; lastKnownFileType = sourcecode.c.objc; name = CKStylesheetSampleListViewController.m; path = Classes/CKStylesheetSampleListViewController.m; sourceTree = "<group>"; };
		9626734A176F589700202F97 /* CKStylesheetSampleTextViewController.h */ = {isa = PBXFileReference; fileEncoding = 4; lastKnownFileType = sourcecode.c.h; name = CKStylesheetSampleTextViewController.h; path = Classes/CKStylesheetSampleTextViewController.h; sourceTree = "<group>"; };
		9626734B176F589700202F97 /* CKStylesheetSampleTextViewController.m */ = {isa = PBXFileReference; fileEncoding = 4; lastKnownFileType = sourcecode.c.objc; name = CKStylesheetSampleTextViewController.m; path = Classes/CKStylesheetSampleTextViewController.m; sourceTree = "<group>"; };
		9626734E176F5A7700202F97 /* CKStylesheetSampleProtocol.h */ = {isa = PBXFileReference; lastKnownFileType = sourcecode.c.h; name = CKStylesheetSampleProtocol.h; path = Classes/CKStylesheetSampleProtocol.h; sourceTree = "<group>"; };
		9626734F176F5E2800202F97 /* CKStylesheetSampleGroupedFormViewController.h */ = {isa = PBXFileReference; fileEncoding = 4; lastKnownFileType = sourcecode.c.h; name = CKStylesheetSampleGroupedFormViewController.h; path = Classes/CKStylesheetSampleGroupedFormViewController.h; sourceTree = "<group>"; };
		96267350176F5E2800202F97 /* CKStylesheetSampleGroupedFormViewController.m */ = {isa = PBXFileReference; fileEncoding = 4; lastKnownFileType = sourcecode.c.objc; name = CKStylesheetSampleGroupedFormViewController.m; path = Classes/CKStylesheetSampleGroupedFormViewController.m; sourceTree = "<group>"; };
		96267352176F5EAA00202F97 /* CKStylesheetSampleViewController.style */ = {isa = PBXFileReference; fileEncoding = 4; lastKnownFileType = text; name = CKStylesheetSampleViewController.style; path = Classes/CKStylesheetSampleViewController.style; sourceTree = "<group>"; xcLanguageSpecificationIdentifier = xcode.lang.javascript; };
		96267354176F5EC200202F97 /* CKStylesheetSampleTextViewController.style */ = {isa = PBXFileReference; fileEncoding = 4; lastKnownFileType = text; name = CKStylesheetSampleTextViewController.style; path = Classes/CKStylesheetSampleTextViewController.style; sourceTree = "<group>"; xcLanguageSpecificationIdentifier = xcode.lang.javascript; };
		96267356176F5ED700202F97 /* CKStylesheetSampleListViewController.style */ = {isa = PBXFileReference; fileEncoding = 4; lastKnownFileType = text; name = CKStylesheetSampleListViewController.style; path = Classes/CKStylesheetSampleListViewController.style; sourceTree = "<group>"; xcLanguageSpecificationIdentifier = xcode.lang.javascript; };
		96267358176F5EED00202F97 /* CKStylesheetSampleGroupedFormViewController.style */ = {isa = PBXFileReference; fileEncoding = 4; lastKnownFileType = text; name = CKStylesheetSampleGroupedFormViewController.style; path = Classes/CKStylesheetSampleGroupedFormViewController.style; sourceTree = "<group>"; xcLanguageSpecificationIdentifier = xcode.lang.javascript; };
		9626735A176F5F9400202F97 /* AppCoreKit.framework */ = {isa = PBXFileReference; lastKnownFileType = wrapper.framework; name = AppCoreKit.framework; path = ../../Frameworks/AppCoreKit.framework; sourceTree = "<group>"; };
		9626735B176F5F9400202F97 /* VendorsKit.framework */ = {isa = PBXFileReference; lastKnownFileType = wrapper.framework; name = VendorsKit.framework; path = ../../Frameworks/VendorsKit.framework; sourceTree = "<group>"; };
		9626735E176F6CB700202F97 /* more-info-button.png */ = {isa = PBXFileReference; lastKnownFileType = image.png; name = "more-info-button.png"; path = "Resources/more-info-button.png"; sourceTree = "<group>"; };
		96267369176F82B300202F97 /* disclosure-indicator-highlight.png */ = {isa = PBXFileReference; lastKnownFileType = image.png; name = "disclosure-indicator-highlight.png"; path = "Resources/disclosure-indicator-highlight.png"; sourceTree = "<group>"; };
		9626736A176F82B300202F97 /* disclosure-indicator-highlight@2x.png */ = {isa = PBXFileReference; lastKnownFileType = image.png; name = "disclosure-indicator-highlight@2x.png"; path = "Resources/disclosure-indicator-highlight@2x.png"; sourceTree = "<group>"; };
		9626736B176F82B300202F97 /* disclosure-indicator.png */ = {isa = PBXFileReference; lastKnownFileType = image.png; name = "disclosure-indicator.png"; path = "Resources/disclosure-indicator.png"; sourceTree = "<group>"; };
		9626736C176F82B300202F97 /* disclosure-indicator@2x.png */ = {isa = PBXFileReference; lastKnownFileType = image.png; name = "disclosure-indicator@2x.png"; path = "Resources/disclosure-indicator@2x.png"; sourceTree = "<group>"; };
		96267375176F83D100202F97 /* accessory-disclosure-white.png */ = {isa = PBXFileReference; lastKnownFileType = image.png; name = "accessory-disclosure-white.png"; path = "Resources/accessory-disclosure-white.png"; sourceTree = "<group>"; };
		96267376176F83D100202F97 /* accessory-disclosure-white@2x.png */ = {isa = PBXFileReference; lastKnownFileType = image.png; name = "accessory-disclosure-white@2x.png"; path = "Resources/accessory-disclosure-white@2x.png"; sourceTree = "<group>"; };
		96267379176F850500202F97 /* accessory-checkmark-highlight.png */ = {isa = PBXFileReference; lastKnownFileType = image.png; name = "accessory-checkmark-highlight.png"; path = "Resources/accessory-checkmark-highlight.png"; sourceTree = "<group>"; };
		9626737A176F850500202F97 /* accessory-checkmark-highlight@2x.png */ = {isa = PBXFileReference; lastKnownFileType = image.png; name = "accessory-checkmark-highlight@2x.png"; path = "Resources/accessory-checkmark-highlight@2x.png"; sourceTree = "<group>"; };
		9626737B176F850500202F97 /* accessory-checkmark.png */ = {isa = PBXFileReference; lastKnownFileType = image.png; name = "accessory-checkmark.png"; path = "Resources/accessory-checkmark.png"; sourceTree = "<group>"; };
		9626737C176F850500202F97 /* accessory-checkmark@2x.png */ = {isa = PBXFileReference; lastKnownFileType = image.png; name = "accessory-checkmark@2x.png"; path = "Resources/accessory-checkmark@2x.png"; sourceTree = "<group>"; };
		96267381176F915B00202F97 /* TODO.rtf */ = {isa = PBXFileReference; fileEncoding = 4; lastKnownFileType = text.rtf; name = TODO.rtf; path = Classes/TODO.rtf; sourceTree = "<group>"; };
		96267383176F971E00202F97 /* CKStylesheetSamplePlainFormViewController.h */ = {isa = PBXFileReference; fileEncoding = 4; lastKnownFileType = sourcecode.c.h; name = CKStylesheetSamplePlainFormViewController.h; path = Classes/CKStylesheetSamplePlainFormViewController.h; sourceTree = "<group>"; };
		96267384176F971E00202F97 /* CKStylesheetSamplePlainFormViewController.m */ = {isa = PBXFileReference; fileEncoding = 4; lastKnownFileType = sourcecode.c.objc; name = CKStylesheetSamplePlainFormViewController.m; path = Classes/CKStylesheetSamplePlainFormViewController.m; sourceTree = "<group>"; };
		96267385176F971E00202F97 /* CKStylesheetSamplePlainFormViewController.style */ = {isa = PBXFileReference; fileEncoding = 4; lastKnownFileType = text; name = CKStylesheetSamplePlainFormViewController.style; path = Classes/CKStylesheetSamplePlainFormViewController.style; sourceTree = "<group>"; xcLanguageSpecificationIdentifier = xcode.lang.javascript; };
		96267388176F986500202F97 /* section-header.png */ = {isa = PBXFileReference; lastKnownFileType = image.png; name = "section-header.png"; path = "Resources/section-header.png"; sourceTree = "<group>"; };
		96267389176F986500202F97 /* section-header@2x.png */ = {isa = PBXFileReference; lastKnownFileType = image.png; name = "section-header@2x.png"; path = "Resources/section-header@2x.png"; sourceTree = "<group>"; };
/* End PBXFileReference section */

/* Begin PBXFrameworksBuildPhase section */
		962672EC176F57A800202F97 /* Frameworks */ = {
			isa = PBXFrameworksBuildPhase;
			buildActionMask = 2147483647;
			files = (
				962672F4176F57A800202F97 /* UIKit.framework in Frameworks */,
				962672F6176F57A800202F97 /* Foundation.framework in Frameworks */,
				962672F8176F57A800202F97 /* CoreGraphics.framework in Frameworks */,
				962672FA176F57A800202F97 /* AdSupport.framework in Frameworks */,
				962672FC176F57A800202F97 /* AddressBook.framework in Frameworks */,
				962672FE176F57A800202F97 /* CoreData.framework in Frameworks */,
				96267300176F57A800202F97 /* QuartzCore.framework in Frameworks */,
				96267302176F57A800202F97 /* CoreLocation.framework in Frameworks */,
				96267304176F57A800202F97 /* MapKit.framework in Frameworks */,
				96267306176F57A800202F97 /* MediaPlayer.framework in Frameworks */,
				96267308176F57A800202F97 /* CoreFoundation.framework in Frameworks */,
				9626730A176F57A800202F97 /* CFNetwork.framework in Frameworks */,
				9626730C176F57A800202F97 /* SystemConfiguration.framework in Frameworks */,
				9626730E176F57A800202F97 /* MobileCoreServices.framework in Frameworks */,
				9626735C176F5F9400202F97 /* AppCoreKit.framework in Frameworks */,
				9626735D176F5F9400202F97 /* VendorsKit.framework in Frameworks */,
			);
			runOnlyForDeploymentPostprocessing = 0;
		};
/* End PBXFrameworksBuildPhase section */

/* Begin PBXGroup section */
		962672E6176F57A800202F97 = {
			isa = PBXGroup;
			children = (
				96267313176F57A800202F97 /* StylesheetSample */,
				962672F2176F57A800202F97 /* Frameworks */,
				962672F1176F57A800202F97 /* Products */,
			);
			sourceTree = "<group>";
		};
		962672F1176F57A800202F97 /* Products */ = {
			isa = PBXGroup;
			children = (
				962672F0176F57A800202F97 /* StylesheetSample.app */,
			);
			name = Products;
			sourceTree = "<group>";
		};
		962672F2176F57A800202F97 /* Frameworks */ = {
			isa = PBXGroup;
			children = (
				9626735A176F5F9400202F97 /* AppCoreKit.framework */,
				9626735B176F5F9400202F97 /* VendorsKit.framework */,
				962672F3176F57A800202F97 /* UIKit.framework */,
				962672F5176F57A800202F97 /* Foundation.framework */,
				962672F7176F57A800202F97 /* CoreGraphics.framework */,
				962672F9176F57A800202F97 /* AdSupport.framework */,
				962672FB176F57A800202F97 /* AddressBook.framework */,
				962672FD176F57A800202F97 /* CoreData.framework */,
				962672FF176F57A800202F97 /* QuartzCore.framework */,
				96267301176F57A800202F97 /* CoreLocation.framework */,
				96267303176F57A800202F97 /* MapKit.framework */,
				96267305176F57A800202F97 /* MediaPlayer.framework */,
				96267307176F57A800202F97 /* CoreFoundation.framework */,
				96267309176F57A800202F97 /* CFNetwork.framework */,
				9626730B176F57A800202F97 /* SystemConfiguration.framework */,
				9626730D176F57A800202F97 /* MobileCoreServices.framework */,
			);
			name = Frameworks;
			sourceTree = "<group>";
		};
		96267313176F57A800202F97 /* StylesheetSample */ = {
			isa = PBXGroup;
			children = (
				9626731C176F57A800202F97 /* AppDelegate.h */,
				9626731D176F57A800202F97 /* AppDelegate.m */,
				96267325176F57A800202F97 /* AppCoreKit.conf */,
				9626733C176F57A900202F97 /* Localization.strings */,
				96267333176F57A800202F97 /* Stylesheet.style */,
				96267352176F5EAA00202F97 /* CKStylesheetSampleViewController.style */,
				96267344176F57FF00202F97 /* CKStylesheetSampleViewController.h */,
				96267345176F57FF00202F97 /* CKStylesheetSampleViewController.m */,
				96267356176F5ED700202F97 /* CKStylesheetSampleListViewController.style */,
				96267347176F586700202F97 /* CKStylesheetSampleListViewController.h */,
				96267348176F586700202F97 /* CKStylesheetSampleListViewController.m */,
				96267354176F5EC200202F97 /* CKStylesheetSampleTextViewController.style */,
				9626734A176F589700202F97 /* CKStylesheetSampleTextViewController.h */,
				9626734B176F589700202F97 /* CKStylesheetSampleTextViewController.m */,
				9626734D176F59E800202F97 /* Samples */,
				9626733B176F57A900202F97 /* Resources */,
				96267314176F57A800202F97 /* Supporting Files */,
			);
			path = StylesheetSample;
			sourceTree = "<group>";
		};
		96267314176F57A800202F97 /* Supporting Files */ = {
			isa = PBXGroup;
			children = (
				96267315176F57A800202F97 /* StylesheetSample-Info.plist */,
				96267316176F57A800202F97 /* InfoPlist.strings */,
				96267319176F57A800202F97 /* main.m */,
				9626731B176F57A800202F97 /* StylesheetSample-Prefix.pch */,
				9626731F176F57A800202F97 /* Default.png */,
				96267321176F57A800202F97 /* Default@2x.png */,
				96267323176F57A800202F97 /* Default-568h@2x.png */,
			);
			name = "Supporting Files";
			sourceTree = "<group>";
		};
		9626733B176F57A900202F97 /* Resources */ = {
			isa = PBXGroup;
			children = (
				96267388176F986500202F97 /* section-header.png */,
				96267389176F986500202F97 /* section-header@2x.png */,
				96267379176F850500202F97 /* accessory-checkmark-highlight.png */,
				9626737A176F850500202F97 /* accessory-checkmark-highlight@2x.png */,
				9626737B176F850500202F97 /* accessory-checkmark.png */,
				9626737C176F850500202F97 /* accessory-checkmark@2x.png */,
				96267375176F83D100202F97 /* accessory-disclosure-white.png */,
				96267376176F83D100202F97 /* accessory-disclosure-white@2x.png */,
				96267369176F82B300202F97 /* disclosure-indicator-highlight.png */,
				9626736A176F82B300202F97 /* disclosure-indicator-highlight@2x.png */,
				9626736B176F82B300202F97 /* disclosure-indicator.png */,
				9626736C176F82B300202F97 /* disclosure-indicator@2x.png */,
				9626735E176F6CB700202F97 /* more-info-button.png */,
				9626733E176F57A900202F97 /* Entitlements.plist */,
			);
			name = Resources;
			sourceTree = "<group>";
		};
		9626734D176F59E800202F97 /* Samples */ = {
			isa = PBXGroup;
			children = (
				96267381176F915B00202F97 /* TODO.rtf */,
				9626734E176F5A7700202F97 /* CKStylesheetSampleProtocol.h */,
				96267358176F5EED00202F97 /* CKStylesheetSampleGroupedFormViewController.style */,
				9626734F176F5E2800202F97 /* CKStylesheetSampleGroupedFormViewController.h */,
				96267350176F5E2800202F97 /* CKStylesheetSampleGroupedFormViewController.m */,
				96267385176F971E00202F97 /* CKStylesheetSamplePlainFormViewController.style */,
				96267383176F971E00202F97 /* CKStylesheetSamplePlainFormViewController.h */,
				96267384176F971E00202F97 /* CKStylesheetSamplePlainFormViewController.m */,
			);
			name = Samples;
			sourceTree = "<group>";
		};
/* End PBXGroup section */

/* Begin PBXNativeTarget section */
		962672EF176F57A800202F97 /* StylesheetSample */ = {
			isa = PBXNativeTarget;
			buildConfigurationList = 96267341176F57A900202F97 /* Build configuration list for PBXNativeTarget "StylesheetSample" */;
			buildPhases = (
				962672EB176F57A800202F97 /* Sources */,
				962672EC176F57A800202F97 /* Frameworks */,
				962672ED176F57A800202F97 /* Resources */,
				962672EE176F57A800202F97 /* ShellScript */,
			);
			buildRules = (
			);
			dependencies = (
			);
			name = StylesheetSample;
			productName = StylesheetSample;
			productReference = 962672F0176F57A800202F97 /* StylesheetSample.app */;
			productType = "com.apple.product-type.application";
		};
/* End PBXNativeTarget section */

/* Begin PBXProject section */
		962672E7176F57A800202F97 /* Project object */ = {
			isa = PBXProject;
			attributes = {
				LastUpgradeCheck = 0460;
				ORGANIZATIONNAME = "Sebastien Morel";
			};
			buildConfigurationList = 962672EA176F57A800202F97 /* Build configuration list for PBXProject "StylesheetSample" */;
			compatibilityVersion = "Xcode 3.2";
			developmentRegion = English;
			hasScannedForEncodings = 0;
			knownRegions = (
				en,
			);
			mainGroup = 962672E6176F57A800202F97;
			productRefGroup = 962672F1176F57A800202F97 /* Products */;
			projectDirPath = "";
			projectRoot = "";
			targets = (
				962672EF176F57A800202F97 /* StylesheetSample */,
			);
		};
/* End PBXProject section */

/* Begin PBXResourcesBuildPhase section */
		962672ED176F57A800202F97 /* Resources */ = {
			isa = PBXResourcesBuildPhase;
			buildActionMask = 2147483647;
			files = (
				96267318176F57A800202F97 /* InfoPlist.strings in Resources */,
				96267320176F57A800202F97 /* Default.png in Resources */,
				96267322176F57A800202F97 /* Default@2x.png in Resources */,
				96267324176F57A800202F97 /* Default-568h@2x.png in Resources */,
				96267326176F57A800202F97 /* AppCoreKit.conf in Resources */,
				96267334176F57A800202F97 /* Stylesheet.style in Resources */,
				9626733D176F57A900202F97 /* Localization.strings in Resources */,
				96267353176F5EAA00202F97 /* CKStylesheetSampleViewController.style in Resources */,
				96267355176F5EC200202F97 /* CKStylesheetSampleTextViewController.style in Resources */,
				96267357176F5ED700202F97 /* CKStylesheetSampleListViewController.style in Resources */,
				96267359176F5EED00202F97 /* CKStylesheetSampleGroupedFormViewController.style in Resources */,
				9626735F176F6CB700202F97 /* more-info-button.png in Resources */,
				9626736D176F82B300202F97 /* disclosure-indicator-highlight.png in Resources */,
				9626736E176F82B300202F97 /* disclosure-indicator-highlight@2x.png in Resources */,
				9626736F176F82B300202F97 /* disclosure-indicator.png in Resources */,
				96267370176F82B300202F97 /* disclosure-indicator@2x.png in Resources */,
				96267377176F83D200202F97 /* accessory-disclosure-white.png in Resources */,
				96267378176F83D200202F97 /* accessory-disclosure-white@2x.png in Resources */,
				9626737D176F850500202F97 /* accessory-checkmark-highlight.png in Resources */,
				9626737E176F850500202F97 /* accessory-checkmark-highlight@2x.png in Resources */,
				9626737F176F850500202F97 /* accessory-checkmark.png in Resources */,
				96267380176F850500202F97 /* accessory-checkmark@2x.png in Resources */,
				96267382176F915B00202F97 /* TODO.rtf in Resources */,
				96267387176F971E00202F97 /* CKStylesheetSamplePlainFormViewController.style in Resources */,
				9626738A176F986500202F97 /* section-header.png in Resources */,
				9626738B176F986500202F97 /* section-header@2x.png in Resources */,
			);
			runOnlyForDeploymentPostprocessing = 0;
		};
/* End PBXResourcesBuildPhase section */

/* Begin PBXShellScriptBuildPhase section */
		962672EE176F57A800202F97 /* ShellScript */ = {
			isa = PBXShellScriptBuildPhase;
			buildActionMask = 2147483647;
			files = (
			);
			inputPaths = (
			);
			outputPaths = (
			);
			runOnlyForDeploymentPostprocessing = 0;
			shellPath = /bin/sh;
			shellScript = "sh \"${CloudKitFrameworks}/copy_framework_resources.sh\" --system-developer-dir \"$SYSTEM_DEVELOPER_DIR\" --executable-name \"$EXECUTABLE_NAME\" --frameworks-dir \"$CloudKitFrameworks\" --target-build-dir \"$TARGET_BUILD_DIR\" --project \"$PROJECT\" --project-dir \"$PROJECT_DIR\"";
		};
/* End PBXShellScriptBuildPhase section */

/* Begin PBXSourcesBuildPhase section */
		962672EB176F57A800202F97 /* Sources */ = {
			isa = PBXSourcesBuildPhase;
			buildActionMask = 2147483647;
			files = (
				9626731A176F57A800202F97 /* main.m in Sources */,
				9626731E176F57A800202F97 /* AppDelegate.m in Sources */,
				96267346176F57FF00202F97 /* CKStylesheetSampleViewController.m in Sources */,
				96267349176F586700202F97 /* CKStylesheetSampleListViewController.m in Sources */,
				9626734C176F589800202F97 /* CKStylesheetSampleTextViewController.m in Sources */,
				96267351176F5E2800202F97 /* CKStylesheetSampleGroupedFormViewController.m in Sources */,
				96267386176F971E00202F97 /* CKStylesheetSamplePlainFormViewController.m in Sources */,
			);
			runOnlyForDeploymentPostprocessing = 0;
		};
/* End PBXSourcesBuildPhase section */

/* Begin PBXVariantGroup section */
		96267316176F57A800202F97 /* InfoPlist.strings */ = {
			isa = PBXVariantGroup;
			children = (
				96267317176F57A800202F97 /* en */,
			);
			name = InfoPlist.strings;
			sourceTree = "<group>";
		};
/* End PBXVariantGroup section */

/* Begin XCBuildConfiguration section */
		9626733F176F57A900202F97 /* Debug */ = {
			isa = XCBuildConfiguration;
			buildSettings = {
				ALWAYS_SEARCH_USER_PATHS = NO;
				CLANG_CXX_LANGUAGE_STANDARD = "gnu++0x";
				CLANG_CXX_LIBRARY = "libc++";
				CLANG_ENABLE_OBJC_ARC = YES;
				CLANG_WARN_CONSTANT_CONVERSION = YES;
				CLANG_WARN_EMPTY_BODY = YES;
				CLANG_WARN_ENUM_CONVERSION = YES;
				CLANG_WARN_INT_CONVERSION = YES;
				CLANG_WARN__DUPLICATE_METHOD_MATCH = YES;
				"CODE_SIGN_IDENTITY[sdk=iphoneos*]" = "iPhone Developer";
				COPY_PHASE_STRIP = NO;
				GCC_C_LANGUAGE_STANDARD = gnu99;
				GCC_DYNAMIC_NO_PIC = NO;
				GCC_OPTIMIZATION_LEVEL = 0;
				GCC_PREPROCESSOR_DEFINITIONS = (
					"DEBUG=1",
					"$(inherited)",
				);
				GCC_SYMBOLS_PRIVATE_EXTERN = NO;
				GCC_WARN_ABOUT_RETURN_TYPE = YES;
				GCC_WARN_UNINITIALIZED_AUTOS = YES;
				GCC_WARN_UNUSED_VARIABLE = YES;
				HEADER_SEARCH_PATHS = /usr/include/libxml2;
				IPHONEOS_DEPLOYMENT_TARGET = 6.1;
				ONLY_ACTIVE_ARCH = YES;
				SDKROOT = iphoneos;
				TARGETED_DEVICE_FAMILY = "1,2";
				VERSIONING_SYSTEM = "apple-generic";
			};
			name = Debug;
		};
		96267340176F57A900202F97 /* Release */ = {
			isa = XCBuildConfiguration;
			buildSettings = {
				ALWAYS_SEARCH_USER_PATHS = NO;
				CLANG_CXX_LANGUAGE_STANDARD = "gnu++0x";
				CLANG_CXX_LIBRARY = "libc++";
				CLANG_ENABLE_OBJC_ARC = YES;
				CLANG_WARN_CONSTANT_CONVERSION = YES;
				CLANG_WARN_EMPTY_BODY = YES;
				CLANG_WARN_ENUM_CONVERSION = YES;
				CLANG_WARN_INT_CONVERSION = YES;
				CLANG_WARN__DUPLICATE_METHOD_MATCH = YES;
				"CODE_SIGN_IDENTITY[sdk=iphoneos*]" = "iPhone Developer";
				COPY_PHASE_STRIP = YES;
				GCC_C_LANGUAGE_STANDARD = gnu99;
				GCC_WARN_ABOUT_RETURN_TYPE = YES;
				GCC_WARN_UNINITIALIZED_AUTOS = YES;
				GCC_WARN_UNUSED_VARIABLE = YES;
				HEADER_SEARCH_PATHS = /usr/include/libxml2;
				IPHONEOS_DEPLOYMENT_TARGET = 6.1;
				OTHER_CFLAGS = "-DNS_BLOCK_ASSERTIONS=1";
				SDKROOT = iphoneos;
				TARGETED_DEVICE_FAMILY = "1,2";
				VALIDATE_PRODUCT = YES;
				VERSIONING_SYSTEM = "apple-generic";
			};
			name = Release;
		};
		96267342176F57A900202F97 /* Debug */ = {
			isa = XCBuildConfiguration;
			buildSettings = {
				FRAMEWORK_SEARCH_PATHS = (
					"$(inherited)",
					"\"$(SRCROOT)/../../Frameworks\"",
				);
				GCC_PRECOMPILE_PREFIX_HEADER = YES;
				GCC_PREFIX_HEADER = "StylesheetSample/StylesheetSample-Prefix.pch";
				INFOPLIST_FILE = "StylesheetSample/StylesheetSample-Info.plist";
				OTHER_LDFLAGS = (
					"-ObjC",
					"-all_load",
					"-lxml2",
					"-licucore",
					"-lz",
					"-weak_library",
					"/usr/lib/libstdc++.dylib",
				);
				PRODUCT_NAME = "$(TARGET_NAME)";
				TARGETED_DEVICE_FAMILY = 2;
				WRAPPER_EXTENSION = app;
			};
			name = Debug;
		};
		96267343176F57A900202F97 /* Release */ = {
			isa = XCBuildConfiguration;
			buildSettings = {
				FRAMEWORK_SEARCH_PATHS = (
					"$(inherited)",
					"\"$(SRCROOT)/../../Frameworks\"",
				);
				GCC_PRECOMPILE_PREFIX_HEADER = YES;
				GCC_PREFIX_HEADER = "StylesheetSample/StylesheetSample-Prefix.pch";
				INFOPLIST_FILE = "StylesheetSample/StylesheetSample-Info.plist";
				OTHER_LDFLAGS = (
					"-ObjC",
					"-all_load",
					"-lxml2",
					"-licucore",
					"-lz",
					"-weak_library",
					"/usr/lib/libstdc++.dylib",
				);
				PRODUCT_NAME = "$(TARGET_NAME)";
				TARGETED_DEVICE_FAMILY = 2;
				WRAPPER_EXTENSION = app;
			};
			name = Release;
		};
/* End XCBuildConfiguration section */

/* Begin XCConfigurationList section */
		962672EA176F57A800202F97 /* Build configuration list for PBXProject "StylesheetSample" */ = {
			isa = XCConfigurationList;
			buildConfigurations = (
				9626733F176F57A900202F97 /* Debug */,
				96267340176F57A900202F97 /* Release */,
			);
			defaultConfigurationIsVisible = 0;
			defaultConfigurationName = Release;
		};
		96267341176F57A900202F97 /* Build configuration list for PBXNativeTarget "StylesheetSample" */ = {
			isa = XCConfigurationList;
			buildConfigurations = (
				96267342176F57A900202F97 /* Debug */,
				96267343176F57A900202F97 /* Release */,
			);
			defaultConfigurationIsVisible = 0;
		};
/* End XCConfigurationList section */
	};
	rootObject = 962672E7176F57A800202F97 /* Project object */;
}
