// !$*UTF8*$!
{
	archiveVersion = 1;
	classes = {
	};
	objectVersion = 46;
	objects = {

/* Begin PBXBuildFile section */
		963AB7C8179D66010076925C /* ResourceManager.framework in Frameworks */ = {isa = PBXBuildFile; fileRef = 963AB7C7179D66000076925C /* ResourceManager.framework */; };
		963AB7CA179D66070076925C /* DropboxSDK.framework in Frameworks */ = {isa = PBXBuildFile; fileRef = 963AB7C9179D66070076925C /* DropboxSDK.framework */; };
		963AB7CC179D66160076925C /* Security.framework in Frameworks */ = {isa = PBXBuildFile; fileRef = 963AB7CB179D66160076925C /* Security.framework */; };
		963BF4891760DEAA003E3D94 /* AdSupport.framework in Frameworks */ = {isa = PBXBuildFile; fileRef = 963BF4881760DEAA003E3D94 /* AdSupport.framework */; };
		963BF49C1760DF28003E3D94 /* AppCoreKit.framework in Frameworks */ = {isa = PBXBuildFile; fileRef = 963BF49A1760DF28003E3D94 /* AppCoreKit.framework */; };
		963BF49D1760DF28003E3D94 /* VendorsKit.framework in Frameworks */ = {isa = PBXBuildFile; fileRef = 963BF49B1760DF28003E3D94 /* VendorsKit.framework */; };
		965E71B115E6968C008EFE08 /* AppCoreKit.conf in Resources */ = {isa = PBXBuildFile; fileRef = 965E71B015E6968C008EFE08 /* AppCoreKit.conf */; };
		9668B8DB15D5954D00C57715 /* UIKit.framework in Frameworks */ = {isa = PBXBuildFile; fileRef = 9668B8DA15D5954D00C57715 /* UIKit.framework */; };
		9668B8DD15D5954D00C57715 /* Foundation.framework in Frameworks */ = {isa = PBXBuildFile; fileRef = 9668B8DC15D5954D00C57715 /* Foundation.framework */; };
		9668B8DF15D5954D00C57715 /* CoreGraphics.framework in Frameworks */ = {isa = PBXBuildFile; fileRef = 9668B8DE15D5954D00C57715 /* CoreGraphics.framework */; };
		9668B8E115D5954D00C57715 /* AddressBook.framework in Frameworks */ = {isa = PBXBuildFile; fileRef = 9668B8E015D5954D00C57715 /* AddressBook.framework */; };
		9668B8E315D5954D00C57715 /* CoreData.framework in Frameworks */ = {isa = PBXBuildFile; fileRef = 9668B8E215D5954D00C57715 /* CoreData.framework */; };
		9668B8E515D5954D00C57715 /* QuartzCore.framework in Frameworks */ = {isa = PBXBuildFile; fileRef = 9668B8E415D5954D00C57715 /* QuartzCore.framework */; };
		9668B8E715D5954D00C57715 /* CoreLocation.framework in Frameworks */ = {isa = PBXBuildFile; fileRef = 9668B8E615D5954D00C57715 /* CoreLocation.framework */; };
		9668B8E915D5954D00C57715 /* MapKit.framework in Frameworks */ = {isa = PBXBuildFile; fileRef = 9668B8E815D5954D00C57715 /* MapKit.framework */; };
		9668B8EB15D5954D00C57715 /* MediaPlayer.framework in Frameworks */ = {isa = PBXBuildFile; fileRef = 9668B8EA15D5954D00C57715 /* MediaPlayer.framework */; };
		9668B8ED15D5954D00C57715 /* CoreFoundation.framework in Frameworks */ = {isa = PBXBuildFile; fileRef = 9668B8EC15D5954D00C57715 /* CoreFoundation.framework */; };
		9668B8EF15D5954D00C57715 /* CFNetwork.framework in Frameworks */ = {isa = PBXBuildFile; fileRef = 9668B8EE15D5954D00C57715 /* CFNetwork.framework */; };
		9668B8F115D5954D00C57715 /* SystemConfiguration.framework in Frameworks */ = {isa = PBXBuildFile; fileRef = 9668B8F015D5954D00C57715 /* SystemConfiguration.framework */; };
		9668B8F315D5954D00C57715 /* MobileCoreServices.framework in Frameworks */ = {isa = PBXBuildFile; fileRef = 9668B8F215D5954D00C57715 /* MobileCoreServices.framework */; };
		9668B8FD15D5954D00C57715 /* InfoPlist.strings in Resources */ = {isa = PBXBuildFile; fileRef = 9668B8FB15D5954D00C57715 /* InfoPlist.strings */; };
		9668B90315D5954D00C57715 /* AppDelegate.m in Sources */ = {isa = PBXBuildFile; fileRef = 9668B90215D5954D00C57715 /* AppDelegate.m */; };
		9668B92315D59A5B00C57715 /* libstdc++.dylib in Frameworks */ = {isa = PBXBuildFile; fileRef = 9668B92215D59A5B00C57715 /* libstdc++.dylib */; };
		96691E1D15DDA12900D73510 /* button-dark-blue-highlight.png in Resources */ = {isa = PBXBuildFile; fileRef = 96691E1B15DDA12900D73510 /* button-dark-blue-highlight.png */; };
		96691E1E15DDA12900D73510 /* button-dark-blue@2x.png in Resources */ = {isa = PBXBuildFile; fileRef = 96691E1C15DDA12900D73510 /* button-dark-blue@2x.png */; };
		96691E2115DDA13200D73510 /* button-dark-blue-highlight@2x.png in Resources */ = {isa = PBXBuildFile; fileRef = 96691E1F15DDA13200D73510 /* button-dark-blue-highlight@2x.png */; };
		96691E2215DDA13200D73510 /* button-dark-blue.png in Resources */ = {isa = PBXBuildFile; fileRef = 96691E2015DDA13200D73510 /* button-dark-blue.png */; };
		96691E2415DDA7F500D73510 /* Instagram_Icon_Large1.png in Resources */ = {isa = PBXBuildFile; fileRef = 96691E2315DDA7F500D73510 /* Instagram_Icon_Large1.png */; };
		96691E2615DDB04F00D73510 /* Instagram_Icon_Large1@2x.png in Resources */ = {isa = PBXBuildFile; fileRef = 96691E2515DDB04F00D73510 /* Instagram_Icon_Large1@2x.png */; };
		96B5530D15DC42780026D851 /* CKSampleLayoutInstagramViewController.style in Resources */ = {isa = PBXBuildFile; fileRef = 96B5530A15DC42780026D851 /* CKSampleLayoutInstagramViewController.style */; };
		96B5530E15DC42780026D851 /* Stylesheet.style in Resources */ = {isa = PBXBuildFile; fileRef = 96B5530B15DC42780026D851 /* Stylesheet.style */; };
		96DC22D9176233210058BA15 /* CKSampleLayoutInstagramViewController.m in Sources */ = {isa = PBXBuildFile; fileRef = 96DC22D8176233210058BA15 /* CKSampleLayoutInstagramViewController.m */; };
		96DC22DB1762382C0058BA15 /* CKSampleLayoutInstagramHeaderCell.style in Resources */ = {isa = PBXBuildFile; fileRef = 96DC22DA1762382C0058BA15 /* CKSampleLayoutInstagramHeaderCell.style */; };
		96DC22DD176238410058BA15 /* CKSampleLayoutInstagramDetailsCell.style in Resources */ = {isa = PBXBuildFile; fileRef = 96DC22DC176238410058BA15 /* CKSampleLayoutInstagramDetailsCell.style */; };
		96DC22DF176238580058BA15 /* CKSampleLayoutInstagramAppearance.style in Resources */ = {isa = PBXBuildFile; fileRef = 96DC22DE176238580058BA15 /* CKSampleLayoutInstagramAppearance.style */; };
		96DC22E2176244D70058BA15 /* CKSampleLayoutInstagramModel.m in Sources */ = {isa = PBXBuildFile; fileRef = 96DC22E1176244D70058BA15 /* CKSampleLayoutInstagramModel.m */; };
		96DC22E517624D390058BA15 /* CKSampleLayoutInstagramDataSources.m in Sources */ = {isa = PBXBuildFile; fileRef = 96DC22E417624D390058BA15 /* CKSampleLayoutInstagramDataSources.m */; };
		96DC22E717624F780058BA15 /* CKSampleLayoutInstagramData.json in Resources */ = {isa = PBXBuildFile; fileRef = 96DC22E617624F780058BA15 /* CKSampleLayoutInstagramData.json */; };
		96DC22E917625EC20058BA15 /* main.m in Sources */ = {isa = PBXBuildFile; fileRef = 96DC22E817625EC20058BA15 /* main.m */; };
		96DC22EE176262F20058BA15 /* CKSampleLayoutViewController.m in Sources */ = {isa = PBXBuildFile; fileRef = 96DC22ED176262F20058BA15 /* CKSampleLayoutViewController.m */; };
		96DC22F0176263530058BA15 /* CKSampleLayoutViewController.style in Resources */ = {isa = PBXBuildFile; fileRef = 96DC22EF176263530058BA15 /* CKSampleLayoutViewController.style */; };
		96DC22F21762682B0058BA15 /* CKSampleLayoutData.json in Resources */ = {isa = PBXBuildFile; fileRef = 96DC22F11762682B0058BA15 /* CKSampleLayoutData.json */; };
		96EE04BE15ED7B2D00C0584B /* background_nav.png in Resources */ = {isa = PBXBuildFile; fileRef = 96EE04B815ED7B2D00C0584B /* background_nav.png */; };
		96EE04BF15ED7B2D00C0584B /* background_nav@2x.png in Resources */ = {isa = PBXBuildFile; fileRef = 96EE04B915ED7B2D00C0584B /* background_nav@2x.png */; };
		96EE04C015ED7B2D00C0584B /* uppernav_button-pressed.png in Resources */ = {isa = PBXBuildFile; fileRef = 96EE04BA15ED7B2D00C0584B /* uppernav_button-pressed.png */; };
		96EE04C115ED7B2D00C0584B /* uppernav_button-pressed@2x.png in Resources */ = {isa = PBXBuildFile; fileRef = 96EE04BB15ED7B2D00C0584B /* uppernav_button-pressed@2x.png */; };
		96EE04C215ED7B2D00C0584B /* uppernav_button.png in Resources */ = {isa = PBXBuildFile; fileRef = 96EE04BC15ED7B2D00C0584B /* uppernav_button.png */; };
		96EE04C315ED7B2D00C0584B /* uppernav_button@2x.png in Resources */ = {isa = PBXBuildFile; fileRef = 96EE04BD15ED7B2D00C0584B /* uppernav_button@2x.png */; };
		96EE04C515ED7B4600C0584B /* UINavigationController.style in Resources */ = {isa = PBXBuildFile; fileRef = 96EE04C415ED7B4600C0584B /* UINavigationController.style */; };
		96EE04C815ED7C1B00C0584B /* background_nav-480.png in Resources */ = {isa = PBXBuildFile; fileRef = 96EE04C615ED7C1B00C0584B /* background_nav-480.png */; };
		96EE04C915ED7C1B00C0584B /* background_nav-480@2x.png in Resources */ = {isa = PBXBuildFile; fileRef = 96EE04C715ED7C1B00C0584B /* background_nav-480@2x.png */; };
		96EE04CE15ED7DF000C0584B /* btn-back-highlight.png in Resources */ = {isa = PBXBuildFile; fileRef = 96EE04CA15ED7DF000C0584B /* btn-back-highlight.png */; };
		96EE04CF15ED7DF000C0584B /* btn-back-highlight@2x.png in Resources */ = {isa = PBXBuildFile; fileRef = 96EE04CB15ED7DF000C0584B /* btn-back-highlight@2x.png */; };
		96EE04D015ED7DF000C0584B /* btn-back.png in Resources */ = {isa = PBXBuildFile; fileRef = 96EE04CC15ED7DF000C0584B /* btn-back.png */; };
		96EE04D115ED7DF000C0584B /* btn-back@2x.png in Resources */ = {isa = PBXBuildFile; fileRef = 96EE04CD15ED7DF000C0584B /* btn-back@2x.png */; };
/* End PBXBuildFile section */

/* Begin PBXFileReference section */
		963AB7C7179D66000076925C /* ResourceManager.framework */ = {isa = PBXFileReference; lastKnownFileType = wrapper.framework; name = ResourceManager.framework; path = ../../Frameworks/ResourceManager.framework; sourceTree = "<group>"; };
		963AB7C9179D66070076925C /* DropboxSDK.framework */ = {isa = PBXFileReference; lastKnownFileType = wrapper.framework; name = DropboxSDK.framework; path = ../../Frameworks/DropboxSDK.framework; sourceTree = "<group>"; };
		963AB7CB179D66160076925C /* Security.framework */ = {isa = PBXFileReference; lastKnownFileType = wrapper.framework; name = Security.framework; path = System/Library/Frameworks/Security.framework; sourceTree = SDKROOT; };
		963BF4881760DEAA003E3D94 /* AdSupport.framework */ = {isa = PBXFileReference; lastKnownFileType = wrapper.framework; name = AdSupport.framework; path = System/Library/Frameworks/AdSupport.framework; sourceTree = SDKROOT; };
		963BF49A1760DF28003E3D94 /* AppCoreKit.framework */ = {isa = PBXFileReference; lastKnownFileType = wrapper.framework; name = AppCoreKit.framework; path = ../../Frameworks/AppCoreKit.framework; sourceTree = "<group>"; };
		963BF49B1760DF28003E3D94 /* VendorsKit.framework */ = {isa = PBXFileReference; lastKnownFileType = wrapper.framework; name = VendorsKit.framework; path = ../../Frameworks/VendorsKit.framework; sourceTree = "<group>"; };
		965E71B015E6968C008EFE08 /* AppCoreKit.conf */ = {isa = PBXFileReference; fileEncoding = 4; lastKnownFileType = text; name = AppCoreKit.conf; path = Classes/AppCoreKit.conf; sourceTree = "<group>"; xcLanguageSpecificationIdentifier = xcode.lang.javascript; };
		9668B8D615D5954D00C57715 /* LayoutSample.app */ = {isa = PBXFileReference; explicitFileType = wrapper.application; includeInIndex = 0; path = LayoutSample.app; sourceTree = BUILT_PRODUCTS_DIR; };
		9668B8DA15D5954D00C57715 /* UIKit.framework */ = {isa = PBXFileReference; lastKnownFileType = wrapper.framework; name = UIKit.framework; path = System/Library/Frameworks/UIKit.framework; sourceTree = SDKROOT; };
		9668B8DC15D5954D00C57715 /* Foundation.framework */ = {isa = PBXFileReference; lastKnownFileType = wrapper.framework; name = Foundation.framework; path = System/Library/Frameworks/Foundation.framework; sourceTree = SDKROOT; };
		9668B8DE15D5954D00C57715 /* CoreGraphics.framework */ = {isa = PBXFileReference; lastKnownFileType = wrapper.framework; name = CoreGraphics.framework; path = System/Library/Frameworks/CoreGraphics.framework; sourceTree = SDKROOT; };
		9668B8E015D5954D00C57715 /* AddressBook.framework */ = {isa = PBXFileReference; lastKnownFileType = wrapper.framework; name = AddressBook.framework; path = System/Library/Frameworks/AddressBook.framework; sourceTree = SDKROOT; };
		9668B8E215D5954D00C57715 /* CoreData.framework */ = {isa = PBXFileReference; lastKnownFileType = wrapper.framework; name = CoreData.framework; path = System/Library/Frameworks/CoreData.framework; sourceTree = SDKROOT; };
		9668B8E415D5954D00C57715 /* QuartzCore.framework */ = {isa = PBXFileReference; lastKnownFileType = wrapper.framework; name = QuartzCore.framework; path = System/Library/Frameworks/QuartzCore.framework; sourceTree = SDKROOT; };
		9668B8E615D5954D00C57715 /* CoreLocation.framework */ = {isa = PBXFileReference; lastKnownFileType = wrapper.framework; name = CoreLocation.framework; path = System/Library/Frameworks/CoreLocation.framework; sourceTree = SDKROOT; };
		9668B8E815D5954D00C57715 /* MapKit.framework */ = {isa = PBXFileReference; lastKnownFileType = wrapper.framework; name = MapKit.framework; path = System/Library/Frameworks/MapKit.framework; sourceTree = SDKROOT; };
		9668B8EA15D5954D00C57715 /* MediaPlayer.framework */ = {isa = PBXFileReference; lastKnownFileType = wrapper.framework; name = MediaPlayer.framework; path = System/Library/Frameworks/MediaPlayer.framework; sourceTree = SDKROOT; };
		9668B8EC15D5954D00C57715 /* CoreFoundation.framework */ = {isa = PBXFileReference; lastKnownFileType = wrapper.framework; name = CoreFoundation.framework; path = System/Library/Frameworks/CoreFoundation.framework; sourceTree = SDKROOT; };
		9668B8EE15D5954D00C57715 /* CFNetwork.framework */ = {isa = PBXFileReference; lastKnownFileType = wrapper.framework; name = CFNetwork.framework; path = System/Library/Frameworks/CFNetwork.framework; sourceTree = SDKROOT; };
		9668B8F015D5954D00C57715 /* SystemConfiguration.framework */ = {isa = PBXFileReference; lastKnownFileType = wrapper.framework; name = SystemConfiguration.framework; path = System/Library/Frameworks/SystemConfiguration.framework; sourceTree = SDKROOT; };
		9668B8F215D5954D00C57715 /* MobileCoreServices.framework */ = {isa = PBXFileReference; lastKnownFileType = wrapper.framework; name = MobileCoreServices.framework; path = System/Library/Frameworks/MobileCoreServices.framework; sourceTree = SDKROOT; };
		9668B8FA15D5954D00C57715 /* LayoutSample-Info.plist */ = {isa = PBXFileReference; lastKnownFileType = text.plist.xml; path = "LayoutSample-Info.plist"; sourceTree = "<group>"; };
		9668B8FC15D5954D00C57715 /* en */ = {isa = PBXFileReference; lastKnownFileType = text.plist.strings; name = en; path = en.lproj/InfoPlist.strings; sourceTree = "<group>"; };
		9668B90015D5954D00C57715 /* LayoutSample-Prefix.pch */ = {isa = PBXFileReference; lastKnownFileType = sourcecode.c.h; path = "LayoutSample-Prefix.pch"; sourceTree = "<group>"; };
		9668B90115D5954D00C57715 /* AppDelegate.h */ = {isa = PBXFileReference; lastKnownFileType = sourcecode.c.h; path = AppDelegate.h; sourceTree = "<group>"; };
		9668B90215D5954D00C57715 /* AppDelegate.m */ = {isa = PBXFileReference; lastKnownFileType = sourcecode.c.objc; path = AppDelegate.m; sourceTree = "<group>"; };
		9668B91115D5954E00C57715 /* Entitlements.plist */ = {isa = PBXFileReference; lastKnownFileType = text.plist.xml; path = Entitlements.plist; sourceTree = "<group>"; };
		9668B92215D59A5B00C57715 /* libstdc++.dylib */ = {isa = PBXFileReference; lastKnownFileType = "compiled.mach-o.dylib"; name = "libstdc++.dylib"; path = "usr/lib/libstdc++.dylib"; sourceTree = SDKROOT; };
		96691E1B15DDA12900D73510 /* button-dark-blue-highlight.png */ = {isa = PBXFileReference; lastKnownFileType = image.png; path = "button-dark-blue-highlight.png"; sourceTree = "<group>"; };
		96691E1C15DDA12900D73510 /* button-dark-blue@2x.png */ = {isa = PBXFileReference; lastKnownFileType = image.png; path = "button-dark-blue@2x.png"; sourceTree = "<group>"; };
		96691E1F15DDA13200D73510 /* button-dark-blue-highlight@2x.png */ = {isa = PBXFileReference; lastKnownFileType = image.png; path = "button-dark-blue-highlight@2x.png"; sourceTree = "<group>"; };
		96691E2015DDA13200D73510 /* button-dark-blue.png */ = {isa = PBXFileReference; lastKnownFileType = image.png; path = "button-dark-blue.png"; sourceTree = "<group>"; };
		96691E2315DDA7F500D73510 /* Instagram_Icon_Large1.png */ = {isa = PBXFileReference; lastKnownFileType = image.png; path = Instagram_Icon_Large1.png; sourceTree = "<group>"; };
		96691E2515DDB04F00D73510 /* Instagram_Icon_Large1@2x.png */ = {isa = PBXFileReference; lastKnownFileType = image.png; path = "Instagram_Icon_Large1@2x.png"; sourceTree = "<group>"; };
		96B5530A15DC42780026D851 /* CKSampleLayoutInstagramViewController.style */ = {isa = PBXFileReference; fileEncoding = 4; lastKnownFileType = text; name = CKSampleLayoutInstagramViewController.style; path = Classes/CKSampleLayoutInstagramViewController.style; sourceTree = "<group>"; xcLanguageSpecificationIdentifier = xcode.lang.javascript; };
		96B5530B15DC42780026D851 /* Stylesheet.style */ = {isa = PBXFileReference; fileEncoding = 4; lastKnownFileType = text; name = Stylesheet.style; path = Classes/Stylesheet.style; sourceTree = "<group>"; xcLanguageSpecificationIdentifier = xcode.lang.javascript; };
		96DC22D7176233210058BA15 /* CKSampleLayoutInstagramViewController.h */ = {isa = PBXFileReference; fileEncoding = 4; lastKnownFileType = sourcecode.c.h; name = CKSampleLayoutInstagramViewController.h; path = Classes/CKSampleLayoutInstagramViewController.h; sourceTree = "<group>"; };
		96DC22D8176233210058BA15 /* CKSampleLayoutInstagramViewController.m */ = {isa = PBXFileReference; fileEncoding = 4; lastKnownFileType = sourcecode.c.objc; name = CKSampleLayoutInstagramViewController.m; path = Classes/CKSampleLayoutInstagramViewController.m; sourceTree = "<group>"; };
		96DC22DA1762382C0058BA15 /* CKSampleLayoutInstagramHeaderCell.style */ = {isa = PBXFileReference; fileEncoding = 4; lastKnownFileType = text; name = CKSampleLayoutInstagramHeaderCell.style; path = Classes/CKSampleLayoutInstagramHeaderCell.style; sourceTree = "<group>"; xcLanguageSpecificationIdentifier = xcode.lang.javascript; };
		96DC22DC176238410058BA15 /* CKSampleLayoutInstagramDetailsCell.style */ = {isa = PBXFileReference; fileEncoding = 4; lastKnownFileType = text; name = CKSampleLayoutInstagramDetailsCell.style; path = Classes/CKSampleLayoutInstagramDetailsCell.style; sourceTree = "<group>"; xcLanguageSpecificationIdentifier = xcode.lang.javascript; };
		96DC22DE176238580058BA15 /* CKSampleLayoutInstagramAppearance.style */ = {isa = PBXFileReference; fileEncoding = 4; lastKnownFileType = text; name = CKSampleLayoutInstagramAppearance.style; path = Classes/CKSampleLayoutInstagramAppearance.style; sourceTree = "<group>"; xcLanguageSpecificationIdentifier = xcode.lang.javascript; };
		96DC22E0176244D70058BA15 /* CKSampleLayoutInstagramModel.h */ = {isa = PBXFileReference; fileEncoding = 4; lastKnownFileType = sourcecode.c.h; name = CKSampleLayoutInstagramModel.h; path = Classes/CKSampleLayoutInstagramModel.h; sourceTree = "<group>"; };
		96DC22E1176244D70058BA15 /* CKSampleLayoutInstagramModel.m */ = {isa = PBXFileReference; fileEncoding = 4; lastKnownFileType = sourcecode.c.objc; name = CKSampleLayoutInstagramModel.m; path = Classes/CKSampleLayoutInstagramModel.m; sourceTree = "<group>"; };
		96DC22E317624D390058BA15 /* CKSampleLayoutInstagramDataSources.h */ = {isa = PBXFileReference; fileEncoding = 4; lastKnownFileType = sourcecode.c.h; name = CKSampleLayoutInstagramDataSources.h; path = Classes/CKSampleLayoutInstagramDataSources.h; sourceTree = "<group>"; };
		96DC22E417624D390058BA15 /* CKSampleLayoutInstagramDataSources.m */ = {isa = PBXFileReference; fileEncoding = 4; lastKnownFileType = sourcecode.c.objc; name = CKSampleLayoutInstagramDataSources.m; path = Classes/CKSampleLayoutInstagramDataSources.m; sourceTree = "<group>"; };
		96DC22E617624F780058BA15 /* CKSampleLayoutInstagramData.json */ = {isa = PBXFileReference; fileEncoding = 4; lastKnownFileType = text.json; name = CKSampleLayoutInstagramData.json; path = Classes/CKSampleLayoutInstagramData.json; sourceTree = "<group>"; };
		96DC22E817625EC20058BA15 /* main.m */ = {isa = PBXFileReference; fileEncoding = 4; lastKnownFileType = sourcecode.c.objc; name = main.m; path = LayoutSample/main.m; sourceTree = SOURCE_ROOT; };
		96DC22EC176262F20058BA15 /* CKSampleLayoutViewController.h */ = {isa = PBXFileReference; fileEncoding = 4; lastKnownFileType = sourcecode.c.h; name = CKSampleLayoutViewController.h; path = Classes/CKSampleLayoutViewController.h; sourceTree = "<group>"; };
		96DC22ED176262F20058BA15 /* CKSampleLayoutViewController.m */ = {isa = PBXFileReference; fileEncoding = 4; lastKnownFileType = sourcecode.c.objc; name = CKSampleLayoutViewController.m; path = Classes/CKSampleLayoutViewController.m; sourceTree = "<group>"; };
		96DC22EF176263530058BA15 /* CKSampleLayoutViewController.style */ = {isa = PBXFileReference; fileEncoding = 4; lastKnownFileType = text; name = CKSampleLayoutViewController.style; path = Classes/CKSampleLayoutViewController.style; sourceTree = "<group>"; xcLanguageSpecificationIdentifier = xcode.lang.javascript; };
		96DC22F11762682B0058BA15 /* CKSampleLayoutData.json */ = {isa = PBXFileReference; fileEncoding = 4; lastKnownFileType = text.json; name = CKSampleLayoutData.json; path = Classes/CKSampleLayoutData.json; sourceTree = "<group>"; };
		96EE04B815ED7B2D00C0584B /* background_nav.png */ = {isa = PBXFileReference; lastKnownFileType = image.png; path = background_nav.png; sourceTree = "<group>"; };
		96EE04B915ED7B2D00C0584B /* background_nav@2x.png */ = {isa = PBXFileReference; lastKnownFileType = image.png; path = "background_nav@2x.png"; sourceTree = "<group>"; };
		96EE04BA15ED7B2D00C0584B /* uppernav_button-pressed.png */ = {isa = PBXFileReference; lastKnownFileType = image.png; path = "uppernav_button-pressed.png"; sourceTree = "<group>"; };
		96EE04BB15ED7B2D00C0584B /* uppernav_button-pressed@2x.png */ = {isa = PBXFileReference; lastKnownFileType = image.png; path = "uppernav_button-pressed@2x.png"; sourceTree = "<group>"; };
		96EE04BC15ED7B2D00C0584B /* uppernav_button.png */ = {isa = PBXFileReference; lastKnownFileType = image.png; path = uppernav_button.png; sourceTree = "<group>"; };
		96EE04BD15ED7B2D00C0584B /* uppernav_button@2x.png */ = {isa = PBXFileReference; lastKnownFileType = image.png; path = "uppernav_button@2x.png"; sourceTree = "<group>"; };
		96EE04C415ED7B4600C0584B /* UINavigationController.style */ = {isa = PBXFileReference; fileEncoding = 4; lastKnownFileType = text; name = UINavigationController.style; path = Classes/UINavigationController.style; sourceTree = "<group>"; xcLanguageSpecificationIdentifier = xcode.lang.javascript; };
		96EE04C615ED7C1B00C0584B /* background_nav-480.png */ = {isa = PBXFileReference; lastKnownFileType = image.png; path = "background_nav-480.png"; sourceTree = "<group>"; };
		96EE04C715ED7C1B00C0584B /* background_nav-480@2x.png */ = {isa = PBXFileReference; lastKnownFileType = image.png; path = "background_nav-480@2x.png"; sourceTree = "<group>"; };
		96EE04CA15ED7DF000C0584B /* btn-back-highlight.png */ = {isa = PBXFileReference; lastKnownFileType = image.png; path = "btn-back-highlight.png"; sourceTree = "<group>"; };
		96EE04CB15ED7DF000C0584B /* btn-back-highlight@2x.png */ = {isa = PBXFileReference; lastKnownFileType = image.png; path = "btn-back-highlight@2x.png"; sourceTree = "<group>"; };
		96EE04CC15ED7DF000C0584B /* btn-back.png */ = {isa = PBXFileReference; lastKnownFileType = image.png; path = "btn-back.png"; sourceTree = "<group>"; };
		96EE04CD15ED7DF000C0584B /* btn-back@2x.png */ = {isa = PBXFileReference; lastKnownFileType = image.png; path = "btn-back@2x.png"; sourceTree = "<group>"; };
/* End PBXFileReference section */

/* Begin PBXFrameworksBuildPhase section */
		9668B8D215D5954D00C57715 /* Frameworks */ = {
			isa = PBXFrameworksBuildPhase;
			buildActionMask = 2147483647;
			files = (
				963AB7CC179D66160076925C /* Security.framework in Frameworks */,
				963BF4891760DEAA003E3D94 /* AdSupport.framework in Frameworks */,
				9668B92315D59A5B00C57715 /* libstdc++.dylib in Frameworks */,
				9668B8DB15D5954D00C57715 /* UIKit.framework in Frameworks */,
				9668B8DD15D5954D00C57715 /* Foundation.framework in Frameworks */,
				9668B8DF15D5954D00C57715 /* CoreGraphics.framework in Frameworks */,
				9668B8E115D5954D00C57715 /* AddressBook.framework in Frameworks */,
				9668B8E315D5954D00C57715 /* CoreData.framework in Frameworks */,
				9668B8E515D5954D00C57715 /* QuartzCore.framework in Frameworks */,
				9668B8E715D5954D00C57715 /* CoreLocation.framework in Frameworks */,
				9668B8E915D5954D00C57715 /* MapKit.framework in Frameworks */,
				9668B8EB15D5954D00C57715 /* MediaPlayer.framework in Frameworks */,
				9668B8ED15D5954D00C57715 /* CoreFoundation.framework in Frameworks */,
				9668B8EF15D5954D00C57715 /* CFNetwork.framework in Frameworks */,
				9668B8F115D5954D00C57715 /* SystemConfiguration.framework in Frameworks */,
				9668B8F315D5954D00C57715 /* MobileCoreServices.framework in Frameworks */,
				963BF49C1760DF28003E3D94 /* AppCoreKit.framework in Frameworks */,
				963BF49D1760DF28003E3D94 /* VendorsKit.framework in Frameworks */,
				963AB7C8179D66010076925C /* ResourceManager.framework in Frameworks */,
				963AB7CA179D66070076925C /* DropboxSDK.framework in Frameworks */,
			);
			runOnlyForDeploymentPostprocessing = 0;
		};
/* End PBXFrameworksBuildPhase section */

/* Begin PBXGroup section */
		9668B8CA15D5954D00C57715 = {
			isa = PBXGroup;
			children = (
				9668B8F815D5954D00C57715 /* LayoutSample */,
				9668B8D915D5954D00C57715 /* Frameworks */,
				9668B8D715D5954D00C57715 /* Products */,
			);
			sourceTree = "<group>";
		};
		9668B8D715D5954D00C57715 /* Products */ = {
			isa = PBXGroup;
			children = (
				9668B8D615D5954D00C57715 /* LayoutSample.app */,
			);
			name = Products;
			sourceTree = "<group>";
		};
		9668B8D915D5954D00C57715 /* Frameworks */ = {
			isa = PBXGroup;
			children = (
				963AB7CB179D66160076925C /* Security.framework */,
				963AB7C9179D66070076925C /* DropboxSDK.framework */,
				963AB7C7179D66000076925C /* ResourceManager.framework */,
				963BF49A1760DF28003E3D94 /* AppCoreKit.framework */,
				963BF49B1760DF28003E3D94 /* VendorsKit.framework */,
				963BF4881760DEAA003E3D94 /* AdSupport.framework */,
				9668B92215D59A5B00C57715 /* libstdc++.dylib */,
				9668B8DA15D5954D00C57715 /* UIKit.framework */,
				9668B8DC15D5954D00C57715 /* Foundation.framework */,
				9668B8DE15D5954D00C57715 /* CoreGraphics.framework */,
				9668B8E015D5954D00C57715 /* AddressBook.framework */,
				9668B8E215D5954D00C57715 /* CoreData.framework */,
				9668B8E415D5954D00C57715 /* QuartzCore.framework */,
				9668B8E615D5954D00C57715 /* CoreLocation.framework */,
				9668B8E815D5954D00C57715 /* MapKit.framework */,
				9668B8EA15D5954D00C57715 /* MediaPlayer.framework */,
				9668B8EC15D5954D00C57715 /* CoreFoundation.framework */,
				9668B8EE15D5954D00C57715 /* CFNetwork.framework */,
				9668B8F015D5954D00C57715 /* SystemConfiguration.framework */,
				9668B8F215D5954D00C57715 /* MobileCoreServices.framework */,
			);
			name = Frameworks;
			sourceTree = "<group>";
		};
		9668B8F815D5954D00C57715 /* LayoutSample */ = {
			isa = PBXGroup;
			children = (
				965E71B015E6968C008EFE08 /* AppCoreKit.conf */,
				9668B90115D5954D00C57715 /* AppDelegate.h */,
				9668B90215D5954D00C57715 /* AppDelegate.m */,
				96B5530B15DC42780026D851 /* Stylesheet.style */,
				96EE04C415ED7B4600C0584B /* UINavigationController.style */,
				96DC22EA1762629D0058BA15 /* Layout - Form */,
				96DC22EB176262C80058BA15 /* Layout - View Controller */,
				9668B91015D5954E00C57715 /* Resources */,
				9668B8F915D5954D00C57715 /* Supporting Files */,
			);
			path = LayoutSample;
			sourceTree = "<group>";
		};
		9668B8F915D5954D00C57715 /* Supporting Files */ = {
			isa = PBXGroup;
			children = (
				9668B8FA15D5954D00C57715 /* LayoutSample-Info.plist */,
				9668B8FB15D5954D00C57715 /* InfoPlist.strings */,
				96DC22E817625EC20058BA15 /* main.m */,
				9668B90015D5954D00C57715 /* LayoutSample-Prefix.pch */,
			);
			name = "Supporting Files";
			sourceTree = "<group>";
		};
		9668B91015D5954E00C57715 /* Resources */ = {
			isa = PBXGroup;
			children = (
				96E9A61E15EBAB72009537CC /* Images */,
				9668B91115D5954E00C57715 /* Entitlements.plist */,
			);
			name = Resources;
			sourceTree = "<group>";
		};
		96DC22EA1762629D0058BA15 /* Layout - Form */ = {
			isa = PBXGroup;
			children = (
				96DC22E0176244D70058BA15 /* CKSampleLayoutInstagramModel.h */,
				96DC22E1176244D70058BA15 /* CKSampleLayoutInstagramModel.m */,
				96DC22E617624F780058BA15 /* CKSampleLayoutInstagramData.json */,
				96DC22E317624D390058BA15 /* CKSampleLayoutInstagramDataSources.h */,
				96DC22E417624D390058BA15 /* CKSampleLayoutInstagramDataSources.m */,
				96DC22DE176238580058BA15 /* CKSampleLayoutInstagramAppearance.style */,
				96DC22DA1762382C0058BA15 /* CKSampleLayoutInstagramHeaderCell.style */,
				96DC22DC176238410058BA15 /* CKSampleLayoutInstagramDetailsCell.style */,
				96B5530A15DC42780026D851 /* CKSampleLayoutInstagramViewController.style */,
				96DC22D7176233210058BA15 /* CKSampleLayoutInstagramViewController.h */,
				96DC22D8176233210058BA15 /* CKSampleLayoutInstagramViewController.m */,
			);
			name = "Layout - Form";
			sourceTree = "<group>";
		};
		96DC22EB176262C80058BA15 /* Layout - View Controller */ = {
			isa = PBXGroup;
			children = (
				96DC22F11762682B0058BA15 /* CKSampleLayoutData.json */,
				96DC22EF176263530058BA15 /* CKSampleLayoutViewController.style */,
				96DC22EC176262F20058BA15 /* CKSampleLayoutViewController.h */,
				96DC22ED176262F20058BA15 /* CKSampleLayoutViewController.m */,
			);
			name = "Layout - View Controller";
			sourceTree = "<group>";
		};
		96E9A61E15EBAB72009537CC /* Images */ = {
			isa = PBXGroup;
			children = (
				96EE04CA15ED7DF000C0584B /* btn-back-highlight.png */,
				96EE04CB15ED7DF000C0584B /* btn-back-highlight@2x.png */,
				96EE04CC15ED7DF000C0584B /* btn-back.png */,
				96EE04CD15ED7DF000C0584B /* btn-back@2x.png */,
				96EE04C615ED7C1B00C0584B /* background_nav-480.png */,
				96EE04C715ED7C1B00C0584B /* background_nav-480@2x.png */,
				96EE04B815ED7B2D00C0584B /* background_nav.png */,
				96EE04B915ED7B2D00C0584B /* background_nav@2x.png */,
				96EE04BA15ED7B2D00C0584B /* uppernav_button-pressed.png */,
				96EE04BB15ED7B2D00C0584B /* uppernav_button-pressed@2x.png */,
				96EE04BC15ED7B2D00C0584B /* uppernav_button.png */,
				96EE04BD15ED7B2D00C0584B /* uppernav_button@2x.png */,
				96691E1B15DDA12900D73510 /* button-dark-blue-highlight.png */,
				96691E1C15DDA12900D73510 /* button-dark-blue@2x.png */,
				96691E1F15DDA13200D73510 /* button-dark-blue-highlight@2x.png */,
				96691E2315DDA7F500D73510 /* Instagram_Icon_Large1.png */,
				96691E2515DDB04F00D73510 /* Instagram_Icon_Large1@2x.png */,
				96691E2015DDA13200D73510 /* button-dark-blue.png */,
			);
			name = Images;
			path = Resources;
			sourceTree = "<group>";
		};
/* End PBXGroup section */

/* Begin PBXNativeTarget section */
		9668B8D515D5954D00C57715 /* LayoutSample */ = {
			isa = PBXNativeTarget;
			buildConfigurationList = 9668B91715D5954E00C57715 /* Build configuration list for PBXNativeTarget "LayoutSample" */;
			buildPhases = (
				9668B8D115D5954D00C57715 /* Sources */,
				9668B8D215D5954D00C57715 /* Frameworks */,
				9668B8D315D5954D00C57715 /* Resources */,
				9668B8D415D5954D00C57715 /* Copy Framework Resources */,
			);
			buildRules = (
			);
			dependencies = (
			);
			name = LayoutSample;
			productName = LayoutLab;
			productReference = 9668B8D615D5954D00C57715 /* LayoutSample.app */;
			productType = "com.apple.product-type.application";
		};
/* End PBXNativeTarget section */

/* Begin PBXProject section */
		9668B8CC15D5954D00C57715 /* Project object */ = {
			isa = PBXProject;
			attributes = {
				LastUpgradeCheck = 0430;
				ORGANIZATIONNAME = "WhereCloud Inc";
			};
			buildConfigurationList = 9668B8CF15D5954D00C57715 /* Build configuration list for PBXProject "LayoutSample" */;
			compatibilityVersion = "Xcode 3.2";
			developmentRegion = English;
			hasScannedForEncodings = 0;
			knownRegions = (
				en,
			);
			mainGroup = 9668B8CA15D5954D00C57715;
			productRefGroup = 9668B8D715D5954D00C57715 /* Products */;
			projectDirPath = "";
			projectRoot = "";
			targets = (
				9668B8D515D5954D00C57715 /* LayoutSample */,
			);
		};
/* End PBXProject section */

/* Begin PBXResourcesBuildPhase section */
		9668B8D315D5954D00C57715 /* Resources */ = {
			isa = PBXResourcesBuildPhase;
			buildActionMask = 2147483647;
			files = (
				9668B8FD15D5954D00C57715 /* InfoPlist.strings in Resources */,
				96B5530D15DC42780026D851 /* CKSampleLayoutInstagramViewController.style in Resources */,
				96B5530E15DC42780026D851 /* Stylesheet.style in Resources */,
				96691E1D15DDA12900D73510 /* button-dark-blue-highlight.png in Resources */,
				96691E1E15DDA12900D73510 /* button-dark-blue@2x.png in Resources */,
				96691E2115DDA13200D73510 /* button-dark-blue-highlight@2x.png in Resources */,
				96691E2215DDA13200D73510 /* button-dark-blue.png in Resources */,
				96691E2415DDA7F500D73510 /* Instagram_Icon_Large1.png in Resources */,
				96691E2615DDB04F00D73510 /* Instagram_Icon_Large1@2x.png in Resources */,
				965E71B115E6968C008EFE08 /* AppCoreKit.conf in Resources */,
				96EE04BE15ED7B2D00C0584B /* background_nav.png in Resources */,
				96EE04BF15ED7B2D00C0584B /* background_nav@2x.png in Resources */,
				96EE04C015ED7B2D00C0584B /* uppernav_button-pressed.png in Resources */,
				96EE04C115ED7B2D00C0584B /* uppernav_button-pressed@2x.png in Resources */,
				96EE04C215ED7B2D00C0584B /* uppernav_button.png in Resources */,
				96EE04C315ED7B2D00C0584B /* uppernav_button@2x.png in Resources */,
				96EE04C515ED7B4600C0584B /* UINavigationController.style in Resources */,
				96EE04C815ED7C1B00C0584B /* background_nav-480.png in Resources */,
				96EE04C915ED7C1B00C0584B /* background_nav-480@2x.png in Resources */,
				96EE04CE15ED7DF000C0584B /* btn-back-highlight.png in Resources */,
				96EE04CF15ED7DF000C0584B /* btn-back-highlight@2x.png in Resources */,
				96EE04D015ED7DF000C0584B /* btn-back.png in Resources */,
				96EE04D115ED7DF000C0584B /* btn-back@2x.png in Resources */,
				96DC22DB1762382C0058BA15 /* CKSampleLayoutInstagramHeaderCell.style in Resources */,
				96DC22DD176238410058BA15 /* CKSampleLayoutInstagramDetailsCell.style in Resources */,
				96DC22DF176238580058BA15 /* CKSampleLayoutInstagramAppearance.style in Resources */,
				96DC22E717624F780058BA15 /* CKSampleLayoutInstagramData.json in Resources */,
				96DC22F0176263530058BA15 /* CKSampleLayoutViewController.style in Resources */,
				96DC22F21762682B0058BA15 /* CKSampleLayoutData.json in Resources */,
			);
			runOnlyForDeploymentPostprocessing = 0;
		};
/* End PBXResourcesBuildPhase section */

/* Begin PBXShellScriptBuildPhase section */
		9668B8D415D5954D00C57715 /* Copy Framework Resources */ = {
			isa = PBXShellScriptBuildPhase;
			buildActionMask = 2147483647;
			files = (
			);
			inputPaths = (
			);
			name = "Copy Framework Resources";
			outputPaths = (
			);
			runOnlyForDeploymentPostprocessing = 0;
			shellPath = /bin/sh;
			shellScript = "sh \"$PROJECT_DIR/../../Frameworks/copy_framework_resources.sh\" --system-developer-dir \"$SYSTEM_DEVELOPER_DIR\" --executable-name \"$EXECUTABLE_NAME\" --frameworks-dir \"$PROJECT_DIR/../../Frameworks/\" --target-build-dir \"$TARGET_BUILD_DIR\" --project \"$PROJECT\" --project-dir \"$PROJECT_DIR\"";
		};
/* End PBXShellScriptBuildPhase section */

/* Begin PBXSourcesBuildPhase section */
		9668B8D115D5954D00C57715 /* Sources */ = {
			isa = PBXSourcesBuildPhase;
			buildActionMask = 2147483647;
			files = (
				9668B90315D5954D00C57715 /* AppDelegate.m in Sources */,
				96DC22D9176233210058BA15 /* CKSampleLayoutInstagramViewController.m in Sources */,
				96DC22E2176244D70058BA15 /* CKSampleLayoutInstagramModel.m in Sources */,
				96DC22E517624D390058BA15 /* CKSampleLayoutInstagramDataSources.m in Sources */,
				96DC22E917625EC20058BA15 /* main.m in Sources */,
				96DC22EE176262F20058BA15 /* CKSampleLayoutViewController.m in Sources */,
			);
			runOnlyForDeploymentPostprocessing = 0;
		};
/* End PBXSourcesBuildPhase section */

/* Begin PBXVariantGroup section */
		9668B8FB15D5954D00C57715 /* InfoPlist.strings */ = {
			isa = PBXVariantGroup;
			children = (
				9668B8FC15D5954D00C57715 /* en */,
			);
			name = InfoPlist.strings;
			sourceTree = "<group>";
		};
/* End PBXVariantGroup section */

/* Begin XCBuildConfiguration section */
		9668B91215D5954E00C57715 /* Debug */ = {
			isa = XCBuildConfiguration;
			buildSettings = {
				ALWAYS_SEARCH_USER_PATHS = NO;
				ARCHS = "$(ARCHS_STANDARD_32_BIT)";
				"CODE_SIGN_IDENTITY[sdk=iphoneos*]" = "iPhone Developer";
				COPY_PHASE_STRIP = NO;
				GCC_C_LANGUAGE_STANDARD = gnu99;
				GCC_DYNAMIC_NO_PIC = NO;
				GCC_OPTIMIZATION_LEVEL = 0;
				GCC_PREPROCESSOR_DEFINITIONS = (
					"DEBUG=1",
					"$(inherited)",
				);
				GCC_SYMBOLS_PRIVATE_EXTERN = NO;
				GCC_VERSION = com.apple.compilers.llvm.clang.1_0;
				GCC_WARN_ABOUT_RETURN_TYPE = YES;
				GCC_WARN_UNINITIALIZED_AUTOS = YES;
				GCC_WARN_UNUSED_VARIABLE = YES;
				HEADER_SEARCH_PATHS = /usr/include/libxml2;
				IPHONEOS_DEPLOYMENT_TARGET = 5.1;
				SDKROOT = iphoneos;
				VERSIONING_SYSTEM = "apple-generic";
			};
			name = Debug;
		};
		9668B91315D5954E00C57715 /* Release */ = {
			isa = XCBuildConfiguration;
			buildSettings = {
				ALWAYS_SEARCH_USER_PATHS = NO;
				ARCHS = "$(ARCHS_STANDARD_32_BIT)";
				"CODE_SIGN_IDENTITY[sdk=iphoneos*]" = "iPhone Developer";
				COPY_PHASE_STRIP = YES;
				GCC_C_LANGUAGE_STANDARD = gnu99;
				GCC_VERSION = com.apple.compilers.llvm.clang.1_0;
				GCC_WARN_ABOUT_RETURN_TYPE = YES;
				GCC_WARN_UNINITIALIZED_AUTOS = YES;
				GCC_WARN_UNUSED_VARIABLE = YES;
				HEADER_SEARCH_PATHS = /usr/include/libxml2;
				IPHONEOS_DEPLOYMENT_TARGET = 5.1;
				OTHER_CFLAGS = "-DNS_BLOCK_ASSERTIONS=1";
				SDKROOT = iphoneos;
				VALIDATE_PRODUCT = YES;
				VERSIONING_SYSTEM = "apple-generic";
			};
			name = Release;
		};
		9668B91815D5954E00C57715 /* Debug */ = {
			isa = XCBuildConfiguration;
			buildSettings = {
				CLANG_ENABLE_OBJC_ARC = YES;
				FRAMEWORK_SEARCH_PATHS = (
					"$(inherited)",
					"\"$(SRCROOT)/../../Frameworks\"",
				);
				GCC_PRECOMPILE_PREFIX_HEADER = YES;
				GCC_PREFIX_HEADER = "LayoutSample/LayoutSample-Prefix.pch";
				INFOPLIST_FILE = "LayoutSample/LayoutSample-Info.plist";
				IPHONEOS_DEPLOYMENT_TARGET = 4.0;
				OTHER_LDFLAGS = (
					"-ObjC",
					"-all_load",
					"-lxml2",
					"-licucore",
					"-lz",
					"-weak_library",
					"/usr/lib/libstdc++.dylib",
				);
				PRODUCT_NAME = LayoutSample;
				TARGETED_DEVICE_FAMILY = "1,2";
				WRAPPER_EXTENSION = app;
			};
			name = Debug;
		};
		9668B91915D5954E00C57715 /* Release */ = {
			isa = XCBuildConfiguration;
			buildSettings = {
				CLANG_ENABLE_OBJC_ARC = YES;
				FRAMEWORK_SEARCH_PATHS = (
					"$(inherited)",
					"\"$(SRCROOT)/../../Frameworks\"",
				);
				GCC_PRECOMPILE_PREFIX_HEADER = YES;
				GCC_PREFIX_HEADER = "LayoutSample/LayoutSample-Prefix.pch";
				INFOPLIST_FILE = "LayoutSample/LayoutSample-Info.plist";
				IPHONEOS_DEPLOYMENT_TARGET = 4.0;
				OTHER_LDFLAGS = (
					"-ObjC",
					"-all_load",
					"-lxml2",
					"-licucore",
					"-lz",
					"-weak_library",
					"/usr/lib/libstdc++.dylib",
				);
				PRODUCT_NAME = LayoutSample;
				TARGETED_DEVICE_FAMILY = "1,2";
				WRAPPER_EXTENSION = app;
			};
			name = Release;
		};
/* End XCBuildConfiguration section */

/* Begin XCConfigurationList section */
		9668B8CF15D5954D00C57715 /* Build configuration list for PBXProject "LayoutSample" */ = {
			isa = XCConfigurationList;
			buildConfigurations = (
				9668B91215D5954E00C57715 /* Debug */,
				9668B91315D5954E00C57715 /* Release */,
			);
			defaultConfigurationIsVisible = 0;
			defaultConfigurationName = Release;
		};
		9668B91715D5954E00C57715 /* Build configuration list for PBXNativeTarget "LayoutSample" */ = {
			isa = XCConfigurationList;
			buildConfigurations = (
				9668B91815D5954E00C57715 /* Debug */,
				9668B91915D5954E00C57715 /* Release */,
			);
			defaultConfigurationIsVisible = 0;
			defaultConfigurationName = Release;
		};
/* End XCConfigurationList section */
	};
	rootObject = 9668B8CC15D5954D00C57715 /* Project object */;
}
