// !$*UTF8*$!
{
	archiveVersion = 1;
	classes = {
	};
	objectVersion = 46;
	objects = {

/* Begin PBXBuildFile section */
		960F34B515E3E5150002DF6F /* UIKit.framework in Frameworks */ = {isa = PBXBuildFile; fileRef = 960F34B415E3E5150002DF6F /* UIKit.framework */; };
		960F34B715E3E5150002DF6F /* Foundation.framework in Frameworks */ = {isa = PBXBuildFile; fileRef = 960F34B615E3E5150002DF6F /* Foundation.framework */; };
		960F34B915E3E5150002DF6F /* CoreGraphics.framework in Frameworks */ = {isa = PBXBuildFile; fileRef = 960F34B815E3E5150002DF6F /* CoreGraphics.framework */; };
		960F34BB15E3E5150002DF6F /* AddressBook.framework in Frameworks */ = {isa = PBXBuildFile; fileRef = 960F34BA15E3E5150002DF6F /* AddressBook.framework */; };
		960F34BD15E3E5150002DF6F /* CoreData.framework in Frameworks */ = {isa = PBXBuildFile; fileRef = 960F34BC15E3E5150002DF6F /* CoreData.framework */; };
		960F34BF15E3E5150002DF6F /* QuartzCore.framework in Frameworks */ = {isa = PBXBuildFile; fileRef = 960F34BE15E3E5150002DF6F /* QuartzCore.framework */; };
		960F34C115E3E5150002DF6F /* CoreLocation.framework in Frameworks */ = {isa = PBXBuildFile; fileRef = 960F34C015E3E5150002DF6F /* CoreLocation.framework */; };
		960F34C315E3E5150002DF6F /* MapKit.framework in Frameworks */ = {isa = PBXBuildFile; fileRef = 960F34C215E3E5150002DF6F /* MapKit.framework */; };
		960F34C515E3E5150002DF6F /* MediaPlayer.framework in Frameworks */ = {isa = PBXBuildFile; fileRef = 960F34C415E3E5150002DF6F /* MediaPlayer.framework */; };
		960F34C715E3E5150002DF6F /* CoreFoundation.framework in Frameworks */ = {isa = PBXBuildFile; fileRef = 960F34C615E3E5150002DF6F /* CoreFoundation.framework */; };
		960F34C915E3E5150002DF6F /* CFNetwork.framework in Frameworks */ = {isa = PBXBuildFile; fileRef = 960F34C815E3E5150002DF6F /* CFNetwork.framework */; };
		960F34CB15E3E5150002DF6F /* SystemConfiguration.framework in Frameworks */ = {isa = PBXBuildFile; fileRef = 960F34CA15E3E5150002DF6F /* SystemConfiguration.framework */; };
		960F34CD15E3E5150002DF6F /* MobileCoreServices.framework in Frameworks */ = {isa = PBXBuildFile; fileRef = 960F34CC15E3E5150002DF6F /* MobileCoreServices.framework */; };
		960F34DB15E3E5150002DF6F /* InfoPlist.strings in Resources */ = {isa = PBXBuildFile; fileRef = 960F34D915E3E5150002DF6F /* InfoPlist.strings */; };
		960F34DD15E3E5150002DF6F /* main.m in Sources */ = {isa = PBXBuildFile; fileRef = 960F34DC15E3E5150002DF6F /* main.m */; };
		960F34E115E3E5150002DF6F /* AppDelegate.m in Sources */ = {isa = PBXBuildFile; fileRef = 960F34E015E3E5150002DF6F /* AppDelegate.m */; };
		960F34E315E3E5150002DF6F /* AppCoreKit.conf in Resources */ = {isa = PBXBuildFile; fileRef = 960F34E215E3E5150002DF6F /* AppCoreKit.conf */; };
		960F34F315E3E5150002DF6F /* Stylesheet.style in Resources */ = {isa = PBXBuildFile; fileRef = 960F34F215E3E5150002DF6F /* Stylesheet.style */; };
		960F34F515E3E5150002DF6F /* Appearance.style in Resources */ = {isa = PBXBuildFile; fileRef = 960F34F415E3E5150002DF6F /* Appearance.style */; };
		960F34F715E3E5150002DF6F /* CKSampleStoreSettingsViewController.style in Resources */ = {isa = PBXBuildFile; fileRef = 960F34F615E3E5150002DF6F /* CKSampleStoreSettingsViewController.style */; };
		960F350215E3E5150002DF6F /* Localization.strings in Resources */ = {isa = PBXBuildFile; fileRef = 960F350115E3E5150002DF6F /* Localization.strings */; };
		963AB7BC179D64B70076925C /* ResourceManager.framework in Frameworks */ = {isa = PBXBuildFile; fileRef = 963AB7BB179D64B70076925C /* ResourceManager.framework */; };
		963AB7BE179D64BC0076925C /* DropboxSDK.framework in Frameworks */ = {isa = PBXBuildFile; fileRef = 963AB7BD179D64BC0076925C /* DropboxSDK.framework */; };
		963AB7C0179D64C50076925C /* Security.framework in Frameworks */ = {isa = PBXBuildFile; fileRef = 963AB7BF179D64C50076925C /* Security.framework */; };
		963BF48D1760DEBB003E3D94 /* AdSupport.framework in Frameworks */ = {isa = PBXBuildFile; fileRef = 963BF48C1760DEBB003E3D94 /* AdSupport.framework */; };
		963BF4A41760DF3E003E3D94 /* AppCoreKit.framework in Frameworks */ = {isa = PBXBuildFile; fileRef = 963BF4A21760DF3E003E3D94 /* AppCoreKit.framework */; };
		96DC229C1760F8940058BA15 /* CKSampleStoreSettingsViewController.m in Sources */ = {isa = PBXBuildFile; fileRef = 96DC229B1760F8940058BA15 /* CKSampleStoreSettingsViewController.m */; };
		96DC229F1760F8BD0058BA15 /* CKSampleStoreUserObjectModel.m in Sources */ = {isa = PBXBuildFile; fileRef = 96DC229E1760F8BD0058BA15 /* CKSampleStoreUserObjectModel.m */; };
		96DC22A21760F8D60058BA15 /* CKSampleStoreUserSettingsModel.m in Sources */ = {isa = PBXBuildFile; fileRef = 96DC22A11760F8D60058BA15 /* CKSampleStoreUserSettingsModel.m */; };
		96DC22A517610ECA0058BA15 /* CKSampleStoreUserObjectViewController.m in Sources */ = {isa = PBXBuildFile; fileRef = 96DC22A417610ECA0058BA15 /* CKSampleStoreUserObjectViewController.m */; };
		96EE050815EEBDCE00C0584B /* background_nav-480.png in Resources */ = {isa = PBXBuildFile; fileRef = 96EE050615EEBDCE00C0584B /* background_nav-480.png */; };
		96EE050915EEBDCE00C0584B /* background_nav-480@2x.png in Resources */ = {isa = PBXBuildFile; fileRef = 96EE050715EEBDCE00C0584B /* background_nav-480@2x.png */; };
		96F5C06D15E7CBED007121C6 /* UINavigationController.style in Resources */ = {isa = PBXBuildFile; fileRef = 96F5C06C15E7CBED007121C6 /* UINavigationController.style */; };
		96F5C14715E82969007121C6 /* background_nav.png in Resources */ = {isa = PBXBuildFile; fileRef = 96F5C13D15E82968007121C6 /* background_nav.png */; };
		96F5C14815E82969007121C6 /* background_nav@2x.png in Resources */ = {isa = PBXBuildFile; fileRef = 96F5C13E15E82968007121C6 /* background_nav@2x.png */; };
		96F5C14915E82969007121C6 /* btn-back-highlight.png in Resources */ = {isa = PBXBuildFile; fileRef = 96F5C13F15E82968007121C6 /* btn-back-highlight.png */; };
		96F5C14A15E82969007121C6 /* btn-back-highlight@2x.png in Resources */ = {isa = PBXBuildFile; fileRef = 96F5C14015E82968007121C6 /* btn-back-highlight@2x.png */; };
		96F5C14B15E82969007121C6 /* btn-back.png in Resources */ = {isa = PBXBuildFile; fileRef = 96F5C14115E82968007121C6 /* btn-back.png */; };
		96F5C14C15E82969007121C6 /* btn-back@2x.png in Resources */ = {isa = PBXBuildFile; fileRef = 96F5C14215E82969007121C6 /* btn-back@2x.png */; };
		96F5C14D15E82969007121C6 /* uppernav_button-pressed.png in Resources */ = {isa = PBXBuildFile; fileRef = 96F5C14315E82969007121C6 /* uppernav_button-pressed.png */; };
		96F5C14E15E82969007121C6 /* uppernav_button-pressed@2x.png in Resources */ = {isa = PBXBuildFile; fileRef = 96F5C14415E82969007121C6 /* uppernav_button-pressed@2x.png */; };
		96F5C14F15E82969007121C6 /* uppernav_button.png in Resources */ = {isa = PBXBuildFile; fileRef = 96F5C14515E82969007121C6 /* uppernav_button.png */; };
		96F5C15015E82969007121C6 /* uppernav_button@2x.png in Resources */ = {isa = PBXBuildFile; fileRef = 96F5C14615E82969007121C6 /* uppernav_button@2x.png */; };
/* End PBXBuildFile section */

/* Begin PBXFileReference section */
		960F34B015E3E5150002DF6F /* CKStoreSample.app */ = {isa = PBXFileReference; explicitFileType = wrapper.application; includeInIndex = 0; path = CKStoreSample.app; sourceTree = BUILT_PRODUCTS_DIR; };
		960F34B415E3E5150002DF6F /* UIKit.framework */ = {isa = PBXFileReference; lastKnownFileType = wrapper.framework; name = UIKit.framework; path = System/Library/Frameworks/UIKit.framework; sourceTree = SDKROOT; };
		960F34B615E3E5150002DF6F /* Foundation.framework */ = {isa = PBXFileReference; lastKnownFileType = wrapper.framework; name = Foundation.framework; path = System/Library/Frameworks/Foundation.framework; sourceTree = SDKROOT; };
		960F34B815E3E5150002DF6F /* CoreGraphics.framework */ = {isa = PBXFileReference; lastKnownFileType = wrapper.framework; name = CoreGraphics.framework; path = System/Library/Frameworks/CoreGraphics.framework; sourceTree = SDKROOT; };
		960F34BA15E3E5150002DF6F /* AddressBook.framework */ = {isa = PBXFileReference; lastKnownFileType = wrapper.framework; name = AddressBook.framework; path = System/Library/Frameworks/AddressBook.framework; sourceTree = SDKROOT; };
		960F34BC15E3E5150002DF6F /* CoreData.framework */ = {isa = PBXFileReference; lastKnownFileType = wrapper.framework; name = CoreData.framework; path = System/Library/Frameworks/CoreData.framework; sourceTree = SDKROOT; };
		960F34BE15E3E5150002DF6F /* QuartzCore.framework */ = {isa = PBXFileReference; lastKnownFileType = wrapper.framework; name = QuartzCore.framework; path = System/Library/Frameworks/QuartzCore.framework; sourceTree = SDKROOT; };
		960F34C015E3E5150002DF6F /* CoreLocation.framework */ = {isa = PBXFileReference; lastKnownFileType = wrapper.framework; name = CoreLocation.framework; path = System/Library/Frameworks/CoreLocation.framework; sourceTree = SDKROOT; };
		960F34C215E3E5150002DF6F /* MapKit.framework */ = {isa = PBXFileReference; lastKnownFileType = wrapper.framework; name = MapKit.framework; path = System/Library/Frameworks/MapKit.framework; sourceTree = SDKROOT; };
		960F34C415E3E5150002DF6F /* MediaPlayer.framework */ = {isa = PBXFileReference; lastKnownFileType = wrapper.framework; name = MediaPlayer.framework; path = System/Library/Frameworks/MediaPlayer.framework; sourceTree = SDKROOT; };
		960F34C615E3E5150002DF6F /* CoreFoundation.framework */ = {isa = PBXFileReference; lastKnownFileType = wrapper.framework; name = CoreFoundation.framework; path = System/Library/Frameworks/CoreFoundation.framework; sourceTree = SDKROOT; };
		960F34C815E3E5150002DF6F /* CFNetwork.framework */ = {isa = PBXFileReference; lastKnownFileType = wrapper.framework; name = CFNetwork.framework; path = System/Library/Frameworks/CFNetwork.framework; sourceTree = SDKROOT; };
		960F34CA15E3E5150002DF6F /* SystemConfiguration.framework */ = {isa = PBXFileReference; lastKnownFileType = wrapper.framework; name = SystemConfiguration.framework; path = System/Library/Frameworks/SystemConfiguration.framework; sourceTree = SDKROOT; };
		960F34CC15E3E5150002DF6F /* MobileCoreServices.framework */ = {isa = PBXFileReference; lastKnownFileType = wrapper.framework; name = MobileCoreServices.framework; path = System/Library/Frameworks/MobileCoreServices.framework; sourceTree = SDKROOT; };
		960F34D815E3E5150002DF6F /* CKStoreSample-Info.plist */ = {isa = PBXFileReference; lastKnownFileType = text.plist.xml; path = "CKStoreSample-Info.plist"; sourceTree = "<group>"; };
		960F34DA15E3E5150002DF6F /* en */ = {isa = PBXFileReference; lastKnownFileType = text.plist.strings; name = en; path = en.lproj/InfoPlist.strings; sourceTree = "<group>"; };
		960F34DC15E3E5150002DF6F /* main.m */ = {isa = PBXFileReference; lastKnownFileType = sourcecode.c.objc; path = main.m; sourceTree = "<group>"; };
		960F34DE15E3E5150002DF6F /* CKStoreSample-Prefix.pch */ = {isa = PBXFileReference; lastKnownFileType = sourcecode.c.h; path = "CKStoreSample-Prefix.pch"; sourceTree = "<group>"; };
		960F34DF15E3E5150002DF6F /* AppDelegate.h */ = {isa = PBXFileReference; lastKnownFileType = sourcecode.c.h; path = AppDelegate.h; sourceTree = "<group>"; };
		960F34E015E3E5150002DF6F /* AppDelegate.m */ = {isa = PBXFileReference; lastKnownFileType = sourcecode.c.objc; path = AppDelegate.m; sourceTree = "<group>"; };
		960F34E215E3E5150002DF6F /* AppCoreKit.conf */ = {isa = PBXFileReference; lastKnownFileType = text; name = AppCoreKit.conf; path = Resources/AppCoreKit.conf; sourceTree = "<group>"; };
		960F34F215E3E5150002DF6F /* Stylesheet.style */ = {isa = PBXFileReference; lastKnownFileType = text; name = Stylesheet.style; path = Resources/Stylesheet.style; sourceTree = "<group>"; xcLanguageSpecificationIdentifier = xcode.lang.javascript; };
		960F34F415E3E5150002DF6F /* Appearance.style */ = {isa = PBXFileReference; lastKnownFileType = text; name = Appearance.style; path = Resources/Appearance.style; sourceTree = "<group>"; xcLanguageSpecificationIdentifier = xcode.lang.javascript; };
		960F34F615E3E5150002DF6F /* CKSampleStoreSettingsViewController.style */ = {isa = PBXFileReference; lastKnownFileType = text; name = CKSampleStoreSettingsViewController.style; path = Resources/CKSampleStoreSettingsViewController.style; sourceTree = "<group>"; xcLanguageSpecificationIdentifier = xcode.lang.javascript; };
		960F350115E3E5150002DF6F /* Localization.strings */ = {isa = PBXFileReference; lastKnownFileType = text.plist.strings; name = Localization.strings; path = Resources/Localization.strings; sourceTree = "<group>"; };
		960F350315E3E5150002DF6F /* Entitlements.plist */ = {isa = PBXFileReference; lastKnownFileType = text.plist.xml; path = Entitlements.plist; sourceTree = "<group>"; };
		963AB7BB179D64B70076925C /* ResourceManager.framework */ = {isa = PBXFileReference; lastKnownFileType = wrapper.framework; name = ResourceManager.framework; path = ../../Frameworks/ResourceManager.framework; sourceTree = "<group>"; };
		963AB7BD179D64BC0076925C /* DropboxSDK.framework */ = {isa = PBXFileReference; lastKnownFileType = wrapper.framework; name = DropboxSDK.framework; path = ../../Frameworks/DropboxSDK.framework; sourceTree = "<group>"; };
		963AB7BF179D64C50076925C /* Security.framework */ = {isa = PBXFileReference; lastKnownFileType = wrapper.framework; name = Security.framework; path = System/Library/Frameworks/Security.framework; sourceTree = SDKROOT; };
		963BF48C1760DEBB003E3D94 /* AdSupport.framework */ = {isa = PBXFileReference; lastKnownFileType = wrapper.framework; name = AdSupport.framework; path = System/Library/Frameworks/AdSupport.framework; sourceTree = SDKROOT; };
		963BF4A21760DF3E003E3D94 /* AppCoreKit.framework */ = {isa = PBXFileReference; lastKnownFileType = wrapper.framework; name = AppCoreKit.framework; path = ../../Frameworks/AppCoreKit.framework; sourceTree = "<group>"; };
		96DC229A1760F8940058BA15 /* CKSampleStoreSettingsViewController.h */ = {isa = PBXFileReference; fileEncoding = 4; lastKnownFileType = sourcecode.c.h; name = CKSampleStoreSettingsViewController.h; path = Classes/CKSampleStoreSettingsViewController.h; sourceTree = "<group>"; };
		96DC229B1760F8940058BA15 /* CKSampleStoreSettingsViewController.m */ = {isa = PBXFileReference; fileEncoding = 4; lastKnownFileType = sourcecode.c.objc; name = CKSampleStoreSettingsViewController.m; path = Classes/CKSampleStoreSettingsViewController.m; sourceTree = "<group>"; };
		96DC229D1760F8BD0058BA15 /* CKSampleStoreUserObjectModel.h */ = {isa = PBXFileReference; fileEncoding = 4; lastKnownFileType = sourcecode.c.h; name = CKSampleStoreUserObjectModel.h; path = Classes/CKSampleStoreUserObjectModel.h; sourceTree = "<group>"; };
		96DC229E1760F8BD0058BA15 /* CKSampleStoreUserObjectModel.m */ = {isa = PBXFileReference; fileEncoding = 4; lastKnownFileType = sourcecode.c.objc; name = CKSampleStoreUserObjectModel.m; path = Classes/CKSampleStoreUserObjectModel.m; sourceTree = "<group>"; };
		96DC22A01760F8D60058BA15 /* CKSampleStoreUserSettingsModel.h */ = {isa = PBXFileReference; fileEncoding = 4; lastKnownFileType = sourcecode.c.h; name = CKSampleStoreUserSettingsModel.h; path = Classes/CKSampleStoreUserSettingsModel.h; sourceTree = "<group>"; };
		96DC22A11760F8D60058BA15 /* CKSampleStoreUserSettingsModel.m */ = {isa = PBXFileReference; fileEncoding = 4; lastKnownFileType = sourcecode.c.objc; name = CKSampleStoreUserSettingsModel.m; path = Classes/CKSampleStoreUserSettingsModel.m; sourceTree = "<group>"; };
		96DC22A317610ECA0058BA15 /* CKSampleStoreUserObjectViewController.h */ = {isa = PBXFileReference; fileEncoding = 4; lastKnownFileType = sourcecode.c.h; name = CKSampleStoreUserObjectViewController.h; path = Classes/CKSampleStoreUserObjectViewController.h; sourceTree = "<group>"; };
		96DC22A417610ECA0058BA15 /* CKSampleStoreUserObjectViewController.m */ = {isa = PBXFileReference; fileEncoding = 4; lastKnownFileType = sourcecode.c.objc; name = CKSampleStoreUserObjectViewController.m; path = Classes/CKSampleStoreUserObjectViewController.m; sourceTree = "<group>"; };
		96EE050615EEBDCE00C0584B /* background_nav-480.png */ = {isa = PBXFileReference; lastKnownFileType = image.png; name = "background_nav-480.png"; path = "Resources/background_nav-480.png"; sourceTree = "<group>"; };
		96EE050715EEBDCE00C0584B /* background_nav-480@2x.png */ = {isa = PBXFileReference; lastKnownFileType = image.png; name = "background_nav-480@2x.png"; path = "Resources/background_nav-480@2x.png"; sourceTree = "<group>"; };
		96F5C06C15E7CBED007121C6 /* UINavigationController.style */ = {isa = PBXFileReference; fileEncoding = 4; lastKnownFileType = text; name = UINavigationController.style; path = Resources/UINavigationController.style; sourceTree = "<group>"; xcLanguageSpecificationIdentifier = xcode.lang.javascript; };
		96F5C13D15E82968007121C6 /* background_nav.png */ = {isa = PBXFileReference; lastKnownFileType = image.png; name = background_nav.png; path = Resources/background_nav.png; sourceTree = "<group>"; };
		96F5C13E15E82968007121C6 /* background_nav@2x.png */ = {isa = PBXFileReference; lastKnownFileType = image.png; name = "background_nav@2x.png"; path = "Resources/background_nav@2x.png"; sourceTree = "<group>"; };
		96F5C13F15E82968007121C6 /* btn-back-highlight.png */ = {isa = PBXFileReference; lastKnownFileType = image.png; name = "btn-back-highlight.png"; path = "Resources/btn-back-highlight.png"; sourceTree = "<group>"; };
		96F5C14015E82968007121C6 /* btn-back-highlight@2x.png */ = {isa = PBXFileReference; lastKnownFileType = image.png; name = "btn-back-highlight@2x.png"; path = "Resources/btn-back-highlight@2x.png"; sourceTree = "<group>"; };
		96F5C14115E82968007121C6 /* btn-back.png */ = {isa = PBXFileReference; lastKnownFileType = image.png; name = "btn-back.png"; path = "Resources/btn-back.png"; sourceTree = "<group>"; };
		96F5C14215E82969007121C6 /* btn-back@2x.png */ = {isa = PBXFileReference; lastKnownFileType = image.png; name = "btn-back@2x.png"; path = "Resources/btn-back@2x.png"; sourceTree = "<group>"; };
		96F5C14315E82969007121C6 /* uppernav_button-pressed.png */ = {isa = PBXFileReference; lastKnownFileType = image.png; name = "uppernav_button-pressed.png"; path = "Resources/uppernav_button-pressed.png"; sourceTree = "<group>"; };
		96F5C14415E82969007121C6 /* uppernav_button-pressed@2x.png */ = {isa = PBXFileReference; lastKnownFileType = image.png; name = "uppernav_button-pressed@2x.png"; path = "Resources/uppernav_button-pressed@2x.png"; sourceTree = "<group>"; };
		96F5C14515E82969007121C6 /* uppernav_button.png */ = {isa = PBXFileReference; lastKnownFileType = image.png; name = uppernav_button.png; path = Resources/uppernav_button.png; sourceTree = "<group>"; };
		96F5C14615E82969007121C6 /* uppernav_button@2x.png */ = {isa = PBXFileReference; lastKnownFileType = image.png; name = "uppernav_button@2x.png"; path = "Resources/uppernav_button@2x.png"; sourceTree = "<group>"; };
/* End PBXFileReference section */

/* Begin PBXFrameworksBuildPhase section */
		960F34AC15E3E5150002DF6F /* Frameworks */ = {
			isa = PBXFrameworksBuildPhase;
			buildActionMask = 2147483647;
			files = (
				963AB7C0179D64C50076925C /* Security.framework in Frameworks */,
				963BF48D1760DEBB003E3D94 /* AdSupport.framework in Frameworks */,
				960F34B515E3E5150002DF6F /* UIKit.framework in Frameworks */,
				960F34B715E3E5150002DF6F /* Foundation.framework in Frameworks */,
				960F34B915E3E5150002DF6F /* CoreGraphics.framework in Frameworks */,
				960F34BB15E3E5150002DF6F /* AddressBook.framework in Frameworks */,
				960F34BD15E3E5150002DF6F /* CoreData.framework in Frameworks */,
				960F34BF15E3E5150002DF6F /* QuartzCore.framework in Frameworks */,
				960F34C115E3E5150002DF6F /* CoreLocation.framework in Frameworks */,
				960F34C315E3E5150002DF6F /* MapKit.framework in Frameworks */,
				960F34C515E3E5150002DF6F /* MediaPlayer.framework in Frameworks */,
				960F34C715E3E5150002DF6F /* CoreFoundation.framework in Frameworks */,
				960F34C915E3E5150002DF6F /* CFNetwork.framework in Frameworks */,
				960F34CB15E3E5150002DF6F /* SystemConfiguration.framework in Frameworks */,
				960F34CD15E3E5150002DF6F /* MobileCoreServices.framework in Frameworks */,
				963BF4A41760DF3E003E3D94 /* AppCoreKit.framework in Frameworks */,
				963AB7BC179D64B70076925C /* ResourceManager.framework in Frameworks */,
				963AB7BE179D64BC0076925C /* DropboxSDK.framework in Frameworks */,
			);
			runOnlyForDeploymentPostprocessing = 0;
		};
/* End PBXFrameworksBuildPhase section */

/* Begin PBXGroup section */
		960F34A415E3E5150002DF6F = {
			isa = PBXGroup;
			children = (
				960F34D615E3E5150002DF6F /* CKStoreSample */,
				960F34B315E3E5150002DF6F /* Frameworks */,
				960F34B115E3E5150002DF6F /* Products */,
			);
			sourceTree = "<group>";
		};
		960F34B115E3E5150002DF6F /* Products */ = {
			isa = PBXGroup;
			children = (
				960F34B015E3E5150002DF6F /* CKStoreSample.app */,
			);
			name = Products;
			sourceTree = "<group>";
		};
		960F34B315E3E5150002DF6F /* Frameworks */ = {
			isa = PBXGroup;
			children = (
				963AB7BF179D64C50076925C /* Security.framework */,
				963AB7BD179D64BC0076925C /* DropboxSDK.framework */,
				963AB7BB179D64B70076925C /* ResourceManager.framework */,
				963BF4A21760DF3E003E3D94 /* AppCoreKit.framework */,
				963BF48C1760DEBB003E3D94 /* AdSupport.framework */,
				960F34B415E3E5150002DF6F /* UIKit.framework */,
				960F34B615E3E5150002DF6F /* Foundation.framework */,
				960F34B815E3E5150002DF6F /* CoreGraphics.framework */,
				960F34BA15E3E5150002DF6F /* AddressBook.framework */,
				960F34BC15E3E5150002DF6F /* CoreData.framework */,
				960F34BE15E3E5150002DF6F /* QuartzCore.framework */,
				960F34C015E3E5150002DF6F /* CoreLocation.framework */,
				960F34C215E3E5150002DF6F /* MapKit.framework */,
				960F34C415E3E5150002DF6F /* MediaPlayer.framework */,
				960F34C615E3E5150002DF6F /* CoreFoundation.framework */,
				960F34C815E3E5150002DF6F /* CFNetwork.framework */,
				960F34CA15E3E5150002DF6F /* SystemConfiguration.framework */,
				960F34CC15E3E5150002DF6F /* MobileCoreServices.framework */,
			);
			name = Frameworks;
			sourceTree = "<group>";
		};
		960F34D615E3E5150002DF6F /* CKStoreSample */ = {
			isa = PBXGroup;
			children = (
				960F34E215E3E5150002DF6F /* AppCoreKit.conf */,
				960F34DF15E3E5150002DF6F /* AppDelegate.h */,
				960F34E015E3E5150002DF6F /* AppDelegate.m */,
				96DC229D1760F8BD0058BA15 /* CKSampleStoreUserObjectModel.h */,
				96DC229E1760F8BD0058BA15 /* CKSampleStoreUserObjectModel.m */,
				96DC22A01760F8D60058BA15 /* CKSampleStoreUserSettingsModel.h */,
				96DC22A11760F8D60058BA15 /* CKSampleStoreUserSettingsModel.m */,
				960F34F215E3E5150002DF6F /* Stylesheet.style */,
				960F34F415E3E5150002DF6F /* Appearance.style */,
				96F5C06C15E7CBED007121C6 /* UINavigationController.style */,
				960F34F615E3E5150002DF6F /* CKSampleStoreSettingsViewController.style */,
				96DC229A1760F8940058BA15 /* CKSampleStoreSettingsViewController.h */,
				96DC229B1760F8940058BA15 /* CKSampleStoreSettingsViewController.m */,
				96DC22A317610ECA0058BA15 /* CKSampleStoreUserObjectViewController.h */,
				96DC22A417610ECA0058BA15 /* CKSampleStoreUserObjectViewController.m */,
				960F350015E3E5150002DF6F /* Resources */,
				960F34D715E3E5150002DF6F /* Supporting Files */,
			);
			path = CKStoreSample;
			sourceTree = "<group>";
		};
		960F34D715E3E5150002DF6F /* Supporting Files */ = {
			isa = PBXGroup;
			children = (
				960F34D815E3E5150002DF6F /* CKStoreSample-Info.plist */,
				960F34D915E3E5150002DF6F /* InfoPlist.strings */,
				960F34DC15E3E5150002DF6F /* main.m */,
				960F34DE15E3E5150002DF6F /* CKStoreSample-Prefix.pch */,
			);
			name = "Supporting Files";
			sourceTree = "<group>";
		};
		960F350015E3E5150002DF6F /* Resources */ = {
			isa = PBXGroup;
			children = (
				96EE050615EEBDCE00C0584B /* background_nav-480.png */,
				96EE050715EEBDCE00C0584B /* background_nav-480@2x.png */,
				96F5C13D15E82968007121C6 /* background_nav.png */,
				96F5C13E15E82968007121C6 /* background_nav@2x.png */,
				96F5C13F15E82968007121C6 /* btn-back-highlight.png */,
				96F5C14015E82968007121C6 /* btn-back-highlight@2x.png */,
				96F5C14115E82968007121C6 /* btn-back.png */,
				96F5C14215E82969007121C6 /* btn-back@2x.png */,
				96F5C14315E82969007121C6 /* uppernav_button-pressed.png */,
				96F5C14415E82969007121C6 /* uppernav_button-pressed@2x.png */,
				96F5C14515E82969007121C6 /* uppernav_button.png */,
				96F5C14615E82969007121C6 /* uppernav_button@2x.png */,
				960F350115E3E5150002DF6F /* Localization.strings */,
				960F350315E3E5150002DF6F /* Entitlements.plist */,
			);
			name = Resources;
			sourceTree = "<group>";
		};
/* End PBXGroup section */

/* Begin PBXNativeTarget section */
		960F34AF15E3E5150002DF6F /* CKStoreSample */ = {
			isa = PBXNativeTarget;
			buildConfigurationList = 960F350915E3E5150002DF6F /* Build configuration list for PBXNativeTarget "CKStoreSample" */;
			buildPhases = (
				960F34AB15E3E5150002DF6F /* Sources */,
				960F34AC15E3E5150002DF6F /* Frameworks */,
				960F34AD15E3E5150002DF6F /* Resources */,
				960F34AE15E3E5150002DF6F /* Copy Framework Resources */,
			);
			buildRules = (
			);
			dependencies = (
			);
			name = CKStoreSample;
			productName = CKStoreSample;
			productReference = 960F34B015E3E5150002DF6F /* CKStoreSample.app */;
			productType = "com.apple.product-type.application";
		};
/* End PBXNativeTarget section */

/* Begin PBXProject section */
		960F34A615E3E5150002DF6F /* Project object */ = {
			isa = PBXProject;
			attributes = {
				LastUpgradeCheck = 0430;
				ORGANIZATIONNAME = "WhereCloud Inc";
			};
			buildConfigurationList = 960F34A915E3E5150002DF6F /* Build configuration list for PBXProject "CKStoreSample" */;
			compatibilityVersion = "Xcode 3.2";
			developmentRegion = English;
			hasScannedForEncodings = 0;
			knownRegions = (
				en,
			);
			mainGroup = 960F34A415E3E5150002DF6F;
			productRefGroup = 960F34B115E3E5150002DF6F /* Products */;
			projectDirPath = "";
			projectRoot = "";
			targets = (
				960F34AF15E3E5150002DF6F /* CKStoreSample */,
			);
		};
/* End PBXProject section */

/* Begin PBXResourcesBuildPhase section */
		960F34AD15E3E5150002DF6F /* Resources */ = {
			isa = PBXResourcesBuildPhase;
			buildActionMask = 2147483647;
			files = (
				960F34DB15E3E5150002DF6F /* InfoPlist.strings in Resources */,
				960F34E315E3E5150002DF6F /* AppCoreKit.conf in Resources */,
				960F34F315E3E5150002DF6F /* Stylesheet.style in Resources */,
				960F34F515E3E5150002DF6F /* Appearance.style in Resources */,
				960F34F715E3E5150002DF6F /* CKSampleStoreSettingsViewController.style in Resources */,
				960F350215E3E5150002DF6F /* Localization.strings in Resources */,
				96F5C06D15E7CBED007121C6 /* UINavigationController.style in Resources */,
				96F5C14715E82969007121C6 /* background_nav.png in Resources */,
				96F5C14815E82969007121C6 /* background_nav@2x.png in Resources */,
				96F5C14915E82969007121C6 /* btn-back-highlight.png in Resources */,
				96F5C14A15E82969007121C6 /* btn-back-highlight@2x.png in Resources */,
				96F5C14B15E82969007121C6 /* btn-back.png in Resources */,
				96F5C14C15E82969007121C6 /* btn-back@2x.png in Resources */,
				96F5C14D15E82969007121C6 /* uppernav_button-pressed.png in Resources */,
				96F5C14E15E82969007121C6 /* uppernav_button-pressed@2x.png in Resources */,
				96F5C14F15E82969007121C6 /* uppernav_button.png in Resources */,
				96F5C15015E82969007121C6 /* uppernav_button@2x.png in Resources */,
				96EE050815EEBDCE00C0584B /* background_nav-480.png in Resources */,
				96EE050915EEBDCE00C0584B /* background_nav-480@2x.png in Resources */,
			);
			runOnlyForDeploymentPostprocessing = 0;
		};
/* End PBXResourcesBuildPhase section */

/* Begin PBXShellScriptBuildPhase section */
		960F34AE15E3E5150002DF6F /* Copy Framework Resources */ = {
			isa = PBXShellScriptBuildPhase;
			buildActionMask = 2147483647;
			files = (
			);
			inputPaths = (
			);
			name = "Copy Framework Resources";
			outputPaths = (
			);
			runOnlyForDeploymentPostprocessing = 0;
			shellPath = /bin/sh;
			shellScript = "sh \"$PROJECT_DIR/../../Frameworks/copy_framework_resources.sh\" --system-developer-dir \"$SYSTEM_DEVELOPER_DIR\" --executable-name \"$EXECUTABLE_NAME\" --frameworks-dir \"$PROJECT_DIR/../../Frameworks/\" --target-build-dir \"$TARGET_BUILD_DIR\" --project \"$PROJECT\" --project-dir \"$PROJECT_DIR\"";
		};
/* End PBXShellScriptBuildPhase section */

/* Begin PBXSourcesBuildPhase section */
		960F34AB15E3E5150002DF6F /* Sources */ = {
			isa = PBXSourcesBuildPhase;
			buildActionMask = 2147483647;
			files = (
				960F34DD15E3E5150002DF6F /* main.m in Sources */,
				960F34E115E3E5150002DF6F /* AppDelegate.m in Sources */,
				96DC229C1760F8940058BA15 /* CKSampleStoreSettingsViewController.m in Sources */,
				96DC229F1760F8BD0058BA15 /* CKSampleStoreUserObjectModel.m in Sources */,
				96DC22A21760F8D60058BA15 /* CKSampleStoreUserSettingsModel.m in Sources */,
				96DC22A517610ECA0058BA15 /* CKSampleStoreUserObjectViewController.m in Sources */,
			);
			runOnlyForDeploymentPostprocessing = 0;
		};
/* End PBXSourcesBuildPhase section */

/* Begin PBXVariantGroup section */
		960F34D915E3E5150002DF6F /* InfoPlist.strings */ = {
			isa = PBXVariantGroup;
			children = (
				960F34DA15E3E5150002DF6F /* en */,
			);
			name = InfoPlist.strings;
			sourceTree = "<group>";
		};
/* End PBXVariantGroup section */

/* Begin XCBuildConfiguration section */
		960F350415E3E5150002DF6F /* Debug */ = {
			isa = XCBuildConfiguration;
			buildSettings = {
				ALWAYS_SEARCH_USER_PATHS = NO;
				ARCHS = "$(ARCHS_STANDARD_32_BIT)";
				CLANG_ENABLE_OBJC_ARC = YES;
				"CODE_SIGN_IDENTITY[sdk=iphoneos*]" = "iPhone Developer";
				COPY_PHASE_STRIP = NO;
				GCC_C_LANGUAGE_STANDARD = gnu99;
				GCC_DYNAMIC_NO_PIC = NO;
				GCC_OPTIMIZATION_LEVEL = 0;
				GCC_PREPROCESSOR_DEFINITIONS = (
					"DEBUG=1",
					"$(inherited)",
				);
				GCC_SYMBOLS_PRIVATE_EXTERN = NO;
				GCC_VERSION = com.apple.compilers.llvm.clang.1_0;
				GCC_WARN_ABOUT_RETURN_TYPE = YES;
				GCC_WARN_UNINITIALIZED_AUTOS = YES;
				GCC_WARN_UNUSED_VARIABLE = YES;
				HEADER_SEARCH_PATHS = /usr/include/libxml2;
				IPHONEOS_DEPLOYMENT_TARGET = 5.1;
				SDKROOT = iphoneos;
				TARGETED_DEVICE_FAMILY = "1,2";
				VERSIONING_SYSTEM = "apple-generic";
			};
			name = Debug;
		};
		960F350515E3E5150002DF6F /* Release */ = {
			isa = XCBuildConfiguration;
			buildSettings = {
				ALWAYS_SEARCH_USER_PATHS = NO;
				ARCHS = "$(ARCHS_STANDARD_32_BIT)";
				CLANG_ENABLE_OBJC_ARC = YES;
				"CODE_SIGN_IDENTITY[sdk=iphoneos*]" = "iPhone Developer";
				COPY_PHASE_STRIP = YES;
				GCC_C_LANGUAGE_STANDARD = gnu99;
				GCC_VERSION = com.apple.compilers.llvm.clang.1_0;
				GCC_WARN_ABOUT_RETURN_TYPE = YES;
				GCC_WARN_UNINITIALIZED_AUTOS = YES;
				GCC_WARN_UNUSED_VARIABLE = YES;
				HEADER_SEARCH_PATHS = /usr/include/libxml2;
				IPHONEOS_DEPLOYMENT_TARGET = 5.1;
				OTHER_CFLAGS = "-DNS_BLOCK_ASSERTIONS=1";
				SDKROOT = iphoneos;
				TARGETED_DEVICE_FAMILY = "1,2";
				VALIDATE_PRODUCT = YES;
				VERSIONING_SYSTEM = "apple-generic";
			};
			name = Release;
		};
		960F350A15E3E5150002DF6F /* Debug */ = {
			isa = XCBuildConfiguration;
			buildSettings = {
				FRAMEWORK_SEARCH_PATHS = (
					"$(inherited)",
					"\"$(SRCROOT)/../../Frameworks\"",
				);
				GCC_PRECOMPILE_PREFIX_HEADER = YES;
				GCC_PREFIX_HEADER = "CKStoreSample/CKStoreSample-Prefix.pch";
				INFOPLIST_FILE = "CKStoreSample/CKStoreSample-Info.plist";
				IPHONEOS_DEPLOYMENT_TARGET = 4.0;
				OTHER_LDFLAGS = (
					"-ObjC",
					"-all_load",
					"-lxml2",
					"-licucore",
					"-lz",
					"-weak_library",
					"/usr/lib/libstdc++.dylib",
				);
				PRODUCT_NAME = "$(TARGET_NAME)";
				TARGETED_DEVICE_FAMILY = 1;
				WRAPPER_EXTENSION = app;
			};
			name = Debug;
		};
		960F350B15E3E5150002DF6F /* Release */ = {
			isa = XCBuildConfiguration;
			buildSettings = {
				FRAMEWORK_SEARCH_PATHS = (
					"$(inherited)",
					"\"$(SRCROOT)/../../Frameworks\"",
				);
				GCC_PRECOMPILE_PREFIX_HEADER = YES;
				GCC_PREFIX_HEADER = "CKStoreSample/CKStoreSample-Prefix.pch";
				INFOPLIST_FILE = "CKStoreSample/CKStoreSample-Info.plist";
				IPHONEOS_DEPLOYMENT_TARGET = 4.0;
				OTHER_LDFLAGS = (
					"-ObjC",
					"-all_load",
					"-lxml2",
					"-licucore",
					"-lz",
					"-weak_library",
					"/usr/lib/libstdc++.dylib",
				);
				PRODUCT_NAME = "$(TARGET_NAME)";
				TARGETED_DEVICE_FAMILY = 1;
				WRAPPER_EXTENSION = app;
			};
			name = Release;
		};
/* End XCBuildConfiguration section */

/* Begin XCConfigurationList section */
		960F34A915E3E5150002DF6F /* Build configuration list for PBXProject "CKStoreSample" */ = {
			isa = XCConfigurationList;
			buildConfigurations = (
				960F350415E3E5150002DF6F /* Debug */,
				960F350515E3E5150002DF6F /* Release */,
			);
			defaultConfigurationIsVisible = 0;
			defaultConfigurationName = Release;
		};
		960F350915E3E5150002DF6F /* Build configuration list for PBXNativeTarget "CKStoreSample" */ = {
			isa = XCConfigurationList;
			buildConfigurations = (
				960F350A15E3E5150002DF6F /* Debug */,
				960F350B15E3E5150002DF6F /* Release */,
			);
			defaultConfigurationIsVisible = 0;
			defaultConfigurationName = Release;
		};
/* End XCConfigurationList section */
	};
	rootObject = 960F34A615E3E5150002DF6F /* Project object */;
}
