// !$*UTF8*$!
{
	archiveVersion = 1;
	classes = {
	};
	objectVersion = 46;
	objects = {

/* Begin PBXBuildFile section */
		960F343E15E2E7D30002DF6F /* UIKit.framework in Frameworks */ = {isa = PBXBuildFile; fileRef = 960F343D15E2E7D30002DF6F /* UIKit.framework */; };
		960F344015E2E7D30002DF6F /* Foundation.framework in Frameworks */ = {isa = PBXBuildFile; fileRef = 960F343F15E2E7D30002DF6F /* Foundation.framework */; };
		960F344215E2E7D30002DF6F /* CoreGraphics.framework in Frameworks */ = {isa = PBXBuildFile; fileRef = 960F344115E2E7D30002DF6F /* CoreGraphics.framework */; };
		960F344415E2E7D30002DF6F /* AddressBook.framework in Frameworks */ = {isa = PBXBuildFile; fileRef = 960F344315E2E7D30002DF6F /* AddressBook.framework */; };
		960F344615E2E7D30002DF6F /* CoreData.framework in Frameworks */ = {isa = PBXBuildFile; fileRef = 960F344515E2E7D30002DF6F /* CoreData.framework */; };
		960F344815E2E7D30002DF6F /* QuartzCore.framework in Frameworks */ = {isa = PBXBuildFile; fileRef = 960F344715E2E7D30002DF6F /* QuartzCore.framework */; };
		960F344A15E2E7D30002DF6F /* CoreLocation.framework in Frameworks */ = {isa = PBXBuildFile; fileRef = 960F344915E2E7D30002DF6F /* CoreLocation.framework */; };
		960F344C15E2E7D30002DF6F /* MapKit.framework in Frameworks */ = {isa = PBXBuildFile; fileRef = 960F344B15E2E7D30002DF6F /* MapKit.framework */; };
		960F344E15E2E7D30002DF6F /* MediaPlayer.framework in Frameworks */ = {isa = PBXBuildFile; fileRef = 960F344D15E2E7D30002DF6F /* MediaPlayer.framework */; };
		960F345015E2E7D30002DF6F /* CoreFoundation.framework in Frameworks */ = {isa = PBXBuildFile; fileRef = 960F344F15E2E7D30002DF6F /* CoreFoundation.framework */; };
		960F345215E2E7D30002DF6F /* CFNetwork.framework in Frameworks */ = {isa = PBXBuildFile; fileRef = 960F345115E2E7D30002DF6F /* CFNetwork.framework */; };
		960F345415E2E7D30002DF6F /* SystemConfiguration.framework in Frameworks */ = {isa = PBXBuildFile; fileRef = 960F345315E2E7D30002DF6F /* SystemConfiguration.framework */; };
		960F345615E2E7D30002DF6F /* MobileCoreServices.framework in Frameworks */ = {isa = PBXBuildFile; fileRef = 960F345515E2E7D30002DF6F /* MobileCoreServices.framework */; };
		960F346415E2E7D30002DF6F /* InfoPlist.strings in Resources */ = {isa = PBXBuildFile; fileRef = 960F346215E2E7D30002DF6F /* InfoPlist.strings */; };
		960F346615E2E7D30002DF6F /* main.m in Sources */ = {isa = PBXBuildFile; fileRef = 960F346515E2E7D30002DF6F /* main.m */; };
		960F346A15E2E7D30002DF6F /* AppDelegate.m in Sources */ = {isa = PBXBuildFile; fileRef = 960F346915E2E7D30002DF6F /* AppDelegate.m */; };
		960F346C15E2E7D30002DF6F /* AppCoreKit.conf in Resources */ = {isa = PBXBuildFile; fileRef = 960F346B15E2E7D30002DF6F /* AppCoreKit.conf */; };
		960F347315E2E7D30002DF6F /* CKSampleMapModel.m in Sources */ = {isa = PBXBuildFile; fileRef = 960F347215E2E7D30002DF6F /* CKSampleMapModel.m */; };
		960F348515E2E7D30002DF6F /* CKSampleMapDataSources.mappings in Resources */ = {isa = PBXBuildFile; fileRef = 960F348415E2E7D30002DF6F /* CKSampleMapDataSources.mappings */; };
		960F348715E2E7D30002DF6F /* CKSampleMapDataSources.m in Sources */ = {isa = PBXBuildFile; fileRef = 960F348615E2E7D30002DF6F /* CKSampleMapDataSources.m */; };
		960F348B15E2E7D30002DF6F /* Localization.strings in Resources */ = {isa = PBXBuildFile; fileRef = 960F348A15E2E7D30002DF6F /* Localization.strings */; };
		960F349615E2F0FD0002DF6F /* LocalApiResults.json in Resources */ = {isa = PBXBuildFile; fileRef = 960F349515E2F0FD0002DF6F /* LocalApiResults.json */; };
		960F349E15E3C86F0002DF6F /* pin.png in Resources */ = {isa = PBXBuildFile; fileRef = 960F349C15E3C86F0002DF6F /* pin.png */; };
		960F349F15E3C86F0002DF6F /* pin@2x.png in Resources */ = {isa = PBXBuildFile; fileRef = 960F349D15E3C86F0002DF6F /* pin@2x.png */; };
		960F34A215E3CF100002DF6F /* placeholder.png in Resources */ = {isa = PBXBuildFile; fileRef = 960F34A015E3CF100002DF6F /* placeholder.png */; };
		960F34A315E3CF100002DF6F /* placeholder@2x.png in Resources */ = {isa = PBXBuildFile; fileRef = 960F34A115E3CF100002DF6F /* placeholder@2x.png */; };
		963BF4871760DEA2003E3D94 /* AdSupport.framework in Frameworks */ = {isa = PBXBuildFile; fileRef = 963BF4861760DEA2003E3D94 /* AdSupport.framework */; };
		963BF4981760DF18003E3D94 /* AppCoreKit.framework in Frameworks */ = {isa = PBXBuildFile; fileRef = 963BF4961760DF18003E3D94 /* AppCoreKit.framework */; };
		963BF4991760DF18003E3D94 /* VendorsKit.framework in Frameworks */ = {isa = PBXBuildFile; fileRef = 963BF4971760DF18003E3D94 /* VendorsKit.framework */; };
		96DC22C017613B760058BA15 /* CKSampleMapViewController.m in Sources */ = {isa = PBXBuildFile; fileRef = 96DC22BF17613B760058BA15 /* CKSampleMapViewController.m */; };
		96DC22C317613BBE0058BA15 /* CKSampleMapModelCalloutViewController.m in Sources */ = {isa = PBXBuildFile; fileRef = 96DC22C217613BBE0058BA15 /* CKSampleMapModelCalloutViewController.m */; };
/* End PBXBuildFile section */

/* Begin PBXFileReference section */
		960F343915E2E7D30002DF6F /* MapSample.app */ = {isa = PBXFileReference; explicitFileType = wrapper.application; includeInIndex = 0; path = MapSample.app; sourceTree = BUILT_PRODUCTS_DIR; };
		960F343D15E2E7D30002DF6F /* UIKit.framework */ = {isa = PBXFileReference; lastKnownFileType = wrapper.framework; name = UIKit.framework; path = System/Library/Frameworks/UIKit.framework; sourceTree = SDKROOT; };
		960F343F15E2E7D30002DF6F /* Foundation.framework */ = {isa = PBXFileReference; lastKnownFileType = wrapper.framework; name = Foundation.framework; path = System/Library/Frameworks/Foundation.framework; sourceTree = SDKROOT; };
		960F344115E2E7D30002DF6F /* CoreGraphics.framework */ = {isa = PBXFileReference; lastKnownFileType = wrapper.framework; name = CoreGraphics.framework; path = System/Library/Frameworks/CoreGraphics.framework; sourceTree = SDKROOT; };
		960F344315E2E7D30002DF6F /* AddressBook.framework */ = {isa = PBXFileReference; lastKnownFileType = wrapper.framework; name = AddressBook.framework; path = System/Library/Frameworks/AddressBook.framework; sourceTree = SDKROOT; };
		960F344515E2E7D30002DF6F /* CoreData.framework */ = {isa = PBXFileReference; lastKnownFileType = wrapper.framework; name = CoreData.framework; path = System/Library/Frameworks/CoreData.framework; sourceTree = SDKROOT; };
		960F344715E2E7D30002DF6F /* QuartzCore.framework */ = {isa = PBXFileReference; lastKnownFileType = wrapper.framework; name = QuartzCore.framework; path = System/Library/Frameworks/QuartzCore.framework; sourceTree = SDKROOT; };
		960F344915E2E7D30002DF6F /* CoreLocation.framework */ = {isa = PBXFileReference; lastKnownFileType = wrapper.framework; name = CoreLocation.framework; path = System/Library/Frameworks/CoreLocation.framework; sourceTree = SDKROOT; };
		960F344B15E2E7D30002DF6F /* MapKit.framework */ = {isa = PBXFileReference; lastKnownFileType = wrapper.framework; name = MapKit.framework; path = System/Library/Frameworks/MapKit.framework; sourceTree = SDKROOT; };
		960F344D15E2E7D30002DF6F /* MediaPlayer.framework */ = {isa = PBXFileReference; lastKnownFileType = wrapper.framework; name = MediaPlayer.framework; path = System/Library/Frameworks/MediaPlayer.framework; sourceTree = SDKROOT; };
		960F344F15E2E7D30002DF6F /* CoreFoundation.framework */ = {isa = PBXFileReference; lastKnownFileType = wrapper.framework; name = CoreFoundation.framework; path = System/Library/Frameworks/CoreFoundation.framework; sourceTree = SDKROOT; };
		960F345115E2E7D30002DF6F /* CFNetwork.framework */ = {isa = PBXFileReference; lastKnownFileType = wrapper.framework; name = CFNetwork.framework; path = System/Library/Frameworks/CFNetwork.framework; sourceTree = SDKROOT; };
		960F345315E2E7D30002DF6F /* SystemConfiguration.framework */ = {isa = PBXFileReference; lastKnownFileType = wrapper.framework; name = SystemConfiguration.framework; path = System/Library/Frameworks/SystemConfiguration.framework; sourceTree = SDKROOT; };
		960F345515E2E7D30002DF6F /* MobileCoreServices.framework */ = {isa = PBXFileReference; lastKnownFileType = wrapper.framework; name = MobileCoreServices.framework; path = System/Library/Frameworks/MobileCoreServices.framework; sourceTree = SDKROOT; };
		960F346115E2E7D30002DF6F /* MapSample-Info.plist */ = {isa = PBXFileReference; lastKnownFileType = text.plist.xml; path = "MapSample-Info.plist"; sourceTree = "<group>"; };
		960F346315E2E7D30002DF6F /* en */ = {isa = PBXFileReference; lastKnownFileType = text.plist.strings; name = en; path = en.lproj/InfoPlist.strings; sourceTree = "<group>"; };
		960F346515E2E7D30002DF6F /* main.m */ = {isa = PBXFileReference; lastKnownFileType = sourcecode.c.objc; path = main.m; sourceTree = "<group>"; };
		960F346715E2E7D30002DF6F /* MapSample-Prefix.pch */ = {isa = PBXFileReference; lastKnownFileType = sourcecode.c.h; path = "MapSample-Prefix.pch"; sourceTree = "<group>"; };
		960F346815E2E7D30002DF6F /* AppDelegate.h */ = {isa = PBXFileReference; lastKnownFileType = sourcecode.c.h; path = AppDelegate.h; sourceTree = "<group>"; };
		960F346915E2E7D30002DF6F /* AppDelegate.m */ = {isa = PBXFileReference; lastKnownFileType = sourcecode.c.objc; path = AppDelegate.m; sourceTree = "<group>"; };
		960F346B15E2E7D30002DF6F /* AppCoreKit.conf */ = {isa = PBXFileReference; lastKnownFileType = text; name = AppCoreKit.conf; path = Resources/AppCoreKit.conf; sourceTree = "<group>"; };
		960F347115E2E7D30002DF6F /* CKSampleMapModel.h */ = {isa = PBXFileReference; lastKnownFileType = sourcecode.c.h; name = CKSampleMapModel.h; path = Classes/CKSampleMapModel.h; sourceTree = "<group>"; };
		960F347215E2E7D30002DF6F /* CKSampleMapModel.m */ = {isa = PBXFileReference; lastKnownFileType = sourcecode.c.objc; name = CKSampleMapModel.m; path = Classes/CKSampleMapModel.m; sourceTree = "<group>"; };
		960F348415E2E7D30002DF6F /* CKSampleMapDataSources.mappings */ = {isa = PBXFileReference; lastKnownFileType = text; name = CKSampleMapDataSources.mappings; path = Resources/CKSampleMapDataSources.mappings; sourceTree = "<group>"; xcLanguageSpecificationIdentifier = xcode.lang.javascript; };
		960F348615E2E7D30002DF6F /* CKSampleMapDataSources.m */ = {isa = PBXFileReference; lastKnownFileType = sourcecode.c.objc; name = CKSampleMapDataSources.m; path = Classes/CKSampleMapDataSources.m; sourceTree = "<group>"; };
		960F348815E2E7D30002DF6F /* CKSampleMapDataSources.h */ = {isa = PBXFileReference; lastKnownFileType = sourcecode.c.h; name = CKSampleMapDataSources.h; path = Classes/CKSampleMapDataSources.h; sourceTree = "<group>"; };
		960F348A15E2E7D30002DF6F /* Localization.strings */ = {isa = PBXFileReference; lastKnownFileType = text.plist.strings; name = Localization.strings; path = Resources/Localization.strings; sourceTree = "<group>"; };
		960F348C15E2E7D30002DF6F /* Entitlements.plist */ = {isa = PBXFileReference; lastKnownFileType = text.plist.xml; path = Entitlements.plist; sourceTree = "<group>"; };
		960F349515E2F0FD0002DF6F /* LocalApiResults.json */ = {isa = PBXFileReference; fileEncoding = 4; lastKnownFileType = text.json; name = LocalApiResults.json; path = Resources/LocalApiResults.json; sourceTree = "<group>"; };
		960F349C15E3C86F0002DF6F /* pin.png */ = {isa = PBXFileReference; lastKnownFileType = image.png; name = pin.png; path = Resources/pin.png; sourceTree = "<group>"; };
		960F349D15E3C86F0002DF6F /* pin@2x.png */ = {isa = PBXFileReference; lastKnownFileType = image.png; name = "pin@2x.png"; path = "Resources/pin@2x.png"; sourceTree = "<group>"; };
		960F34A015E3CF100002DF6F /* placeholder.png */ = {isa = PBXFileReference; lastKnownFileType = image.png; name = placeholder.png; path = Resources/placeholder.png; sourceTree = "<group>"; };
		960F34A115E3CF100002DF6F /* placeholder@2x.png */ = {isa = PBXFileReference; lastKnownFileType = image.png; name = "placeholder@2x.png"; path = "Resources/placeholder@2x.png"; sourceTree = "<group>"; };
		963BF4861760DEA2003E3D94 /* AdSupport.framework */ = {isa = PBXFileReference; lastKnownFileType = wrapper.framework; name = AdSupport.framework; path = System/Library/Frameworks/AdSupport.framework; sourceTree = SDKROOT; };
		963BF4961760DF18003E3D94 /* AppCoreKit.framework */ = {isa = PBXFileReference; lastKnownFileType = wrapper.framework; name = AppCoreKit.framework; path = ../../Frameworks/AppCoreKit.framework; sourceTree = "<group>"; };
		963BF4971760DF18003E3D94 /* VendorsKit.framework */ = {isa = PBXFileReference; lastKnownFileType = wrapper.framework; name = VendorsKit.framework; path = ../../Frameworks/VendorsKit.framework; sourceTree = "<group>"; };
		96DC22BE17613B760058BA15 /* CKSampleMapViewController.h */ = {isa = PBXFileReference; fileEncoding = 4; lastKnownFileType = sourcecode.c.h; name = CKSampleMapViewController.h; path = Classes/CKSampleMapViewController.h; sourceTree = "<group>"; };
		96DC22BF17613B760058BA15 /* CKSampleMapViewController.m */ = {isa = PBXFileReference; fileEncoding = 4; lastKnownFileType = sourcecode.c.objc; name = CKSampleMapViewController.m; path = Classes/CKSampleMapViewController.m; sourceTree = "<group>"; };
		96DC22C117613BBE0058BA15 /* CKSampleMapModelCalloutViewController.h */ = {isa = PBXFileReference; fileEncoding = 4; lastKnownFileType = sourcecode.c.h; name = CKSampleMapModelCalloutViewController.h; path = Classes/CKSampleMapModelCalloutViewController.h; sourceTree = "<group>"; };
		96DC22C217613BBE0058BA15 /* CKSampleMapModelCalloutViewController.m */ = {isa = PBXFileReference; fileEncoding = 4; lastKnownFileType = sourcecode.c.objc; name = CKSampleMapModelCalloutViewController.m; path = Classes/CKSampleMapModelCalloutViewController.m; sourceTree = "<group>"; };
/* End PBXFileReference section */

/* Begin PBXFrameworksBuildPhase section */
		960F343515E2E7D30002DF6F /* Frameworks */ = {
			isa = PBXFrameworksBuildPhase;
			buildActionMask = 2147483647;
			files = (
				963BF4871760DEA2003E3D94 /* AdSupport.framework in Frameworks */,
				960F343E15E2E7D30002DF6F /* UIKit.framework in Frameworks */,
				960F344015E2E7D30002DF6F /* Foundation.framework in Frameworks */,
				960F344215E2E7D30002DF6F /* CoreGraphics.framework in Frameworks */,
				960F344415E2E7D30002DF6F /* AddressBook.framework in Frameworks */,
				960F344615E2E7D30002DF6F /* CoreData.framework in Frameworks */,
				960F344815E2E7D30002DF6F /* QuartzCore.framework in Frameworks */,
				960F344A15E2E7D30002DF6F /* CoreLocation.framework in Frameworks */,
				960F344C15E2E7D30002DF6F /* MapKit.framework in Frameworks */,
				960F344E15E2E7D30002DF6F /* MediaPlayer.framework in Frameworks */,
				960F345015E2E7D30002DF6F /* CoreFoundation.framework in Frameworks */,
				960F345215E2E7D30002DF6F /* CFNetwork.framework in Frameworks */,
				960F345415E2E7D30002DF6F /* SystemConfiguration.framework in Frameworks */,
				960F345615E2E7D30002DF6F /* MobileCoreServices.framework in Frameworks */,
				963BF4981760DF18003E3D94 /* AppCoreKit.framework in Frameworks */,
				963BF4991760DF18003E3D94 /* VendorsKit.framework in Frameworks */,
			);
			runOnlyForDeploymentPostprocessing = 0;
		};
/* End PBXFrameworksBuildPhase section */

/* Begin PBXGroup section */
		960F342D15E2E7D30002DF6F = {
			isa = PBXGroup;
			children = (
				960F345F15E2E7D30002DF6F /* MapSample */,
				960F343C15E2E7D30002DF6F /* Frameworks */,
				960F343A15E2E7D30002DF6F /* Products */,
			);
			sourceTree = "<group>";
		};
		960F343A15E2E7D30002DF6F /* Products */ = {
			isa = PBXGroup;
			children = (
				960F343915E2E7D30002DF6F /* MapSample.app */,
			);
			name = Products;
			sourceTree = "<group>";
		};
		960F343C15E2E7D30002DF6F /* Frameworks */ = {
			isa = PBXGroup;
			children = (
				963BF4961760DF18003E3D94 /* AppCoreKit.framework */,
				963BF4971760DF18003E3D94 /* VendorsKit.framework */,
				963BF4861760DEA2003E3D94 /* AdSupport.framework */,
				960F343D15E2E7D30002DF6F /* UIKit.framework */,
				960F343F15E2E7D30002DF6F /* Foundation.framework */,
				960F344115E2E7D30002DF6F /* CoreGraphics.framework */,
				960F344315E2E7D30002DF6F /* AddressBook.framework */,
				960F344515E2E7D30002DF6F /* CoreData.framework */,
				960F344715E2E7D30002DF6F /* QuartzCore.framework */,
				960F344915E2E7D30002DF6F /* CoreLocation.framework */,
				960F344B15E2E7D30002DF6F /* MapKit.framework */,
				960F344D15E2E7D30002DF6F /* MediaPlayer.framework */,
				960F344F15E2E7D30002DF6F /* CoreFoundation.framework */,
				960F345115E2E7D30002DF6F /* CFNetwork.framework */,
				960F345315E2E7D30002DF6F /* SystemConfiguration.framework */,
				960F345515E2E7D30002DF6F /* MobileCoreServices.framework */,
			);
			name = Frameworks;
			sourceTree = "<group>";
		};
		960F345F15E2E7D30002DF6F /* MapSample */ = {
			isa = PBXGroup;
			children = (
				960F346B15E2E7D30002DF6F /* AppCoreKit.conf */,
				960F346815E2E7D30002DF6F /* AppDelegate.h */,
				960F346915E2E7D30002DF6F /* AppDelegate.m */,
				960F347115E2E7D30002DF6F /* CKSampleMapModel.h */,
				960F347215E2E7D30002DF6F /* CKSampleMapModel.m */,
				96DC22BE17613B760058BA15 /* CKSampleMapViewController.h */,
				96DC22BF17613B760058BA15 /* CKSampleMapViewController.m */,
				96DC22C117613BBE0058BA15 /* CKSampleMapModelCalloutViewController.h */,
				96DC22C217613BBE0058BA15 /* CKSampleMapModelCalloutViewController.m */,
				960F348415E2E7D30002DF6F /* CKSampleMapDataSources.mappings */,
				960F349515E2F0FD0002DF6F /* LocalApiResults.json */,
				960F348815E2E7D30002DF6F /* CKSampleMapDataSources.h */,
				960F348615E2E7D30002DF6F /* CKSampleMapDataSources.m */,
				960F348915E2E7D30002DF6F /* Resources */,
				960F346015E2E7D30002DF6F /* Supporting Files */,
			);
			path = MapSample;
			sourceTree = "<group>";
		};
		960F346015E2E7D30002DF6F /* Supporting Files */ = {
			isa = PBXGroup;
			children = (
				960F346115E2E7D30002DF6F /* MapSample-Info.plist */,
				960F346215E2E7D30002DF6F /* InfoPlist.strings */,
				960F346515E2E7D30002DF6F /* main.m */,
				960F346715E2E7D30002DF6F /* MapSample-Prefix.pch */,
			);
			name = "Supporting Files";
			sourceTree = "<group>";
		};
		960F348915E2E7D30002DF6F /* Resources */ = {
			isa = PBXGroup;
			children = (
				960F34A015E3CF100002DF6F /* placeholder.png */,
				960F34A115E3CF100002DF6F /* placeholder@2x.png */,
				960F349C15E3C86F0002DF6F /* pin.png */,
				960F349D15E3C86F0002DF6F /* pin@2x.png */,
				960F348A15E2E7D30002DF6F /* Localization.strings */,
				960F348C15E2E7D30002DF6F /* Entitlements.plist */,
			);
			name = Resources;
			sourceTree = "<group>";
		};
/* End PBXGroup section */

/* Begin PBXNativeTarget section */
		960F343815E2E7D30002DF6F /* MapSample */ = {
			isa = PBXNativeTarget;
			buildConfigurationList = 960F349215E2E7D30002DF6F /* Build configuration list for PBXNativeTarget "MapSample" */;
			buildPhases = (
				960F343415E2E7D30002DF6F /* Sources */,
				960F343515E2E7D30002DF6F /* Frameworks */,
				960F343615E2E7D30002DF6F /* Resources */,
				960F343715E2E7D30002DF6F /* Copy Framework Resources */,
			);
			buildRules = (
			);
			dependencies = (
			);
			name = MapSample;
			productName = Map;
			productReference = 960F343915E2E7D30002DF6F /* MapSample.app */;
			productType = "com.apple.product-type.application";
		};
/* End PBXNativeTarget section */

/* Begin PBXProject section */
		960F342F15E2E7D30002DF6F /* Project object */ = {
			isa = PBXProject;
			attributes = {
				LastUpgradeCheck = 0430;
				ORGANIZATIONNAME = "WhereCloud Inc";
			};
			buildConfigurationList = 960F343215E2E7D30002DF6F /* Build configuration list for PBXProject "MapSample" */;
			compatibilityVersion = "Xcode 3.2";
			developmentRegion = English;
			hasScannedForEncodings = 0;
			knownRegions = (
				en,
			);
			mainGroup = 960F342D15E2E7D30002DF6F;
			productRefGroup = 960F343A15E2E7D30002DF6F /* Products */;
			projectDirPath = "";
			projectRoot = "";
			targets = (
				960F343815E2E7D30002DF6F /* MapSample */,
			);
		};
/* End PBXProject section */

/* Begin PBXResourcesBuildPhase section */
		960F343615E2E7D30002DF6F /* Resources */ = {
			isa = PBXResourcesBuildPhase;
			buildActionMask = 2147483647;
			files = (
				960F346415E2E7D30002DF6F /* InfoPlist.strings in Resources */,
				960F346C15E2E7D30002DF6F /* AppCoreKit.conf in Resources */,
				960F348515E2E7D30002DF6F /* CKSampleMapDataSources.mappings in Resources */,
				960F348B15E2E7D30002DF6F /* Localization.strings in Resources */,
				960F349615E2F0FD0002DF6F /* LocalApiResults.json in Resources */,
				960F349E15E3C86F0002DF6F /* pin.png in Resources */,
				960F349F15E3C86F0002DF6F /* pin@2x.png in Resources */,
				960F34A215E3CF100002DF6F /* placeholder.png in Resources */,
				960F34A315E3CF100002DF6F /* placeholder@2x.png in Resources */,
			);
			runOnlyForDeploymentPostprocessing = 0;
		};
/* End PBXResourcesBuildPhase section */

/* Begin PBXShellScriptBuildPhase section */
		960F343715E2E7D30002DF6F /* Copy Framework Resources */ = {
			isa = PBXShellScriptBuildPhase;
			buildActionMask = 2147483647;
			files = (
			);
			inputPaths = (
			);
			name = "Copy Framework Resources";
			outputPaths = (
			);
			runOnlyForDeploymentPostprocessing = 0;
			shellPath = /bin/sh;
			shellScript = "sh \"$PROJECT_DIR/../../Frameworks/copy_framework_resources.sh\" --system-developer-dir \"$SYSTEM_DEVELOPER_DIR\" --executable-name \"$EXECUTABLE_NAME\" --frameworks-dir \"$PROJECT_DIR/../../Frameworks/\" --target-build-dir \"$TARGET_BUILD_DIR\" --project \"$PROJECT\" --project-dir \"$PROJECT_DIR\"";
		};
/* End PBXShellScriptBuildPhase section */

/* Begin PBXSourcesBuildPhase section */
		960F343415E2E7D30002DF6F /* Sources */ = {
			isa = PBXSourcesBuildPhase;
			buildActionMask = 2147483647;
			files = (
				960F346615E2E7D30002DF6F /* main.m in Sources */,
				960F346A15E2E7D30002DF6F /* AppDelegate.m in Sources */,
				960F347315E2E7D30002DF6F /* CKSampleMapModel.m in Sources */,
				960F348715E2E7D30002DF6F /* CKSampleMapDataSources.m in Sources */,
				96DC22C017613B760058BA15 /* CKSampleMapViewController.m in Sources */,
				96DC22C317613BBE0058BA15 /* CKSampleMapModelCalloutViewController.m in Sources */,
			);
			runOnlyForDeploymentPostprocessing = 0;
		};
/* End PBXSourcesBuildPhase section */

/* Begin PBXVariantGroup section */
		960F346215E2E7D30002DF6F /* InfoPlist.strings */ = {
			isa = PBXVariantGroup;
			children = (
				960F346315E2E7D30002DF6F /* en */,
			);
			name = InfoPlist.strings;
			sourceTree = "<group>";
		};
/* End PBXVariantGroup section */

/* Begin XCBuildConfiguration section */
		960F348D15E2E7D30002DF6F /* Debug */ = {
			isa = XCBuildConfiguration;
			buildSettings = {
				ALWAYS_SEARCH_USER_PATHS = NO;
				ARCHS = "$(ARCHS_STANDARD_32_BIT)";
				CLANG_ENABLE_OBJC_ARC = YES;
				"CODE_SIGN_IDENTITY[sdk=iphoneos*]" = "iPhone Developer";
				COPY_PHASE_STRIP = NO;
				GCC_C_LANGUAGE_STANDARD = gnu99;
				GCC_DYNAMIC_NO_PIC = NO;
				GCC_OPTIMIZATION_LEVEL = 0;
				GCC_PREPROCESSOR_DEFINITIONS = (
					"DEBUG=1",
					"$(inherited)",
				);
				GCC_SYMBOLS_PRIVATE_EXTERN = NO;
				GCC_VERSION = com.apple.compilers.llvm.clang.1_0;
				GCC_WARN_ABOUT_RETURN_TYPE = YES;
				GCC_WARN_UNINITIALIZED_AUTOS = YES;
				GCC_WARN_UNUSED_VARIABLE = YES;
				HEADER_SEARCH_PATHS = /usr/include/libxml2;
				IPHONEOS_DEPLOYMENT_TARGET = 5.1;
				SDKROOT = iphoneos;
				TARGETED_DEVICE_FAMILY = "1,2";
				VERSIONING_SYSTEM = "apple-generic";
			};
			name = Debug;
		};
		960F348E15E2E7D30002DF6F /* Release */ = {
			isa = XCBuildConfiguration;
			buildSettings = {
				ALWAYS_SEARCH_USER_PATHS = NO;
				ARCHS = "$(ARCHS_STANDARD_32_BIT)";
				CLANG_ENABLE_OBJC_ARC = YES;
				"CODE_SIGN_IDENTITY[sdk=iphoneos*]" = "iPhone Developer";
				COPY_PHASE_STRIP = YES;
				GCC_C_LANGUAGE_STANDARD = gnu99;
				GCC_VERSION = com.apple.compilers.llvm.clang.1_0;
				GCC_WARN_ABOUT_RETURN_TYPE = YES;
				GCC_WARN_UNINITIALIZED_AUTOS = YES;
				GCC_WARN_UNUSED_VARIABLE = YES;
				HEADER_SEARCH_PATHS = /usr/include/libxml2;
				IPHONEOS_DEPLOYMENT_TARGET = 5.1;
				OTHER_CFLAGS = "-DNS_BLOCK_ASSERTIONS=1";
				SDKROOT = iphoneos;
				TARGETED_DEVICE_FAMILY = "1,2";
				VALIDATE_PRODUCT = YES;
				VERSIONING_SYSTEM = "apple-generic";
			};
			name = Release;
		};
		960F349315E2E7D30002DF6F /* Debug */ = {
			isa = XCBuildConfiguration;
			buildSettings = {
				FRAMEWORK_SEARCH_PATHS = (
					"$(inherited)",
					"\"$(SRCROOT)/../../Frameworks\"",
				);
				GCC_PRECOMPILE_PREFIX_HEADER = YES;
				INFOPLIST_FILE = "MapSample/MapSample-Info.plist";
				IPHONEOS_DEPLOYMENT_TARGET = 4.0;
				OTHER_LDFLAGS = (
					"-ObjC",
					"-all_load",
					"-lxml2",
					"-licucore",
					"-lz",
					"-weak_library",
					"/usr/lib/libstdc++.dylib",
				);
				PRODUCT_NAME = MapSample;
				WRAPPER_EXTENSION = app;
			};
			name = Debug;
		};
		960F349415E2E7D30002DF6F /* Release */ = {
			isa = XCBuildConfiguration;
			buildSettings = {
				FRAMEWORK_SEARCH_PATHS = (
					"$(inherited)",
					"\"$(SRCROOT)/../../Frameworks\"",
				);
				GCC_PRECOMPILE_PREFIX_HEADER = YES;
				INFOPLIST_FILE = "MapSample/MapSample-Info.plist";
				IPHONEOS_DEPLOYMENT_TARGET = 4.0;
				OTHER_LDFLAGS = (
					"-ObjC",
					"-all_load",
					"-lxml2",
					"-licucore",
					"-lz",
					"-weak_library",
					"/usr/lib/libstdc++.dylib",
				);
				PRODUCT_NAME = MapSample;
				WRAPPER_EXTENSION = app;
			};
			name = Release;
		};
/* End XCBuildConfiguration section */

/* Begin XCConfigurationList section */
		960F343215E2E7D30002DF6F /* Build configuration list for PBXProject "MapSample" */ = {
			isa = XCConfigurationList;
			buildConfigurations = (
				960F348D15E2E7D30002DF6F /* Debug */,
				960F348E15E2E7D30002DF6F /* Release */,
			);
			defaultConfigurationIsVisible = 0;
			defaultConfigurationName = Release;
		};
		960F349215E2E7D30002DF6F /* Build configuration list for PBXNativeTarget "MapSample" */ = {
			isa = XCConfigurationList;
			buildConfigurations = (
				960F349315E2E7D30002DF6F /* Debug */,
				960F349415E2E7D30002DF6F /* Release */,
			);
			defaultConfigurationIsVisible = 0;
			defaultConfigurationName = Release;
		};
/* End XCConfigurationList section */
	};
	rootObject = 960F342F15E2E7D30002DF6F /* Project object */;
}
